// !$*UTF8*$!
{
	archiveVersion = 1;
	classes = {
	};
	objectVersion = 51;
	objects = {

/* Begin PBXBuildFile section */
		BF31B0D6265FDDBD00579AF5 /* TimelineViewController.swift in Sources */ = {isa = PBXBuildFile; fileRef = BF31B0D5265FDDBD00579AF5 /* TimelineViewController.swift */; };
		BF31B0D9265FDDE000579AF5 /* TimelinePresenter.swift in Sources */ = {isa = PBXBuildFile; fileRef = BF31B0D8265FDDE000579AF5 /* TimelinePresenter.swift */; };
		BF31B0E0265FE2A200579AF5 /* YearCollectionViewCell.swift in Sources */ = {isa = PBXBuildFile; fileRef = BF31B0DE265FE2A200579AF5 /* YearCollectionViewCell.swift */; };
		BF31B0E626600C2F00579AF5 /* Results.swift in Sources */ = {isa = PBXBuildFile; fileRef = BF31B0E526600C2F00579AF5 /* Results.swift */; };
		BF31B0E926600C7100579AF5 /* Result.swift in Sources */ = {isa = PBXBuildFile; fileRef = BF31B0E826600C7100579AF5 /* Result.swift */; };
		BF31B0F1266020A100579AF5 /* QuizzType.swift in Sources */ = {isa = PBXBuildFile; fileRef = BF31B0F0266020A100579AF5 /* QuizzType.swift */; };
		BF31B0F52660212B00579AF5 /* QuizzChemistry.swift in Sources */ = {isa = PBXBuildFile; fileRef = BF31B0F42660212B00579AF5 /* QuizzChemistry.swift */; };
		BF31B0F82660214000579AF5 /* QuizzFeatures.swift in Sources */ = {isa = PBXBuildFile; fileRef = BF31B0F72660214000579AF5 /* QuizzFeatures.swift */; };
		BF31B0FB2660214A00579AF5 /* QuizzProducts.swift in Sources */ = {isa = PBXBuildFile; fileRef = BF31B0FA2660214A00579AF5 /* QuizzProducts.swift */; };
		BF31B0FE2660215300579AF5 /* QuizzObjectives.swift in Sources */ = {isa = PBXBuildFile; fileRef = BF31B0FD2660215300579AF5 /* QuizzObjectives.swift */; };
		BF31B1092660545F00579AF5 /* UserPreferenceSetter.swift in Sources */ = {isa = PBXBuildFile; fileRef = BF31B1082660545F00579AF5 /* UserPreferenceSetter.swift */; };
		BF31B10E266064FE00579AF5 /* Timelines.swift in Sources */ = {isa = PBXBuildFile; fileRef = BF31B10D266064FE00579AF5 /* Timelines.swift */; };
		BF31B1122660650D00579AF5 /* TimelineMetadata.swift in Sources */ = {isa = PBXBuildFile; fileRef = BF31B1112660650D00579AF5 /* TimelineMetadata.swift */; };
		BF31B1152660651300579AF5 /* Timeline.swift in Sources */ = {isa = PBXBuildFile; fileRef = BF31B1142660651300579AF5 /* Timeline.swift */; };
		BF3FB7C12655B11900A790E1 /* QuizzItemCollectionViewCell.swift in Sources */ = {isa = PBXBuildFile; fileRef = BF3FB7BF2655B11900A790E1 /* QuizzItemCollectionViewCell.swift */; };
		BF3FB7C22655B11900A790E1 /* QuizzItemCollectionViewCell.xib in Resources */ = {isa = PBXBuildFile; fileRef = BF3FB7C02655B11900A790E1 /* QuizzItemCollectionViewCell.xib */; };
		BF3FB7C82655E90B00A790E1 /* QuizzPresenter.swift in Sources */ = {isa = PBXBuildFile; fileRef = BF3FB7C72655E90B00A790E1 /* QuizzPresenter.swift */; };
		BF3FB7CD2655EAF100A790E1 /* QuizzLibrary.swift in Sources */ = {isa = PBXBuildFile; fileRef = BF3FB7CC2655EAF100A790E1 /* QuizzLibrary.swift */; };
		BF3FB7D12655EB0500A790E1 /* Quizz.swift in Sources */ = {isa = PBXBuildFile; fileRef = BF3FB7D02655EB0500A790E1 /* Quizz.swift */; };
		BF3FB7D72656961C00A790E1 /* QuizzQuestionHeaderCollectionReusableView.swift in Sources */ = {isa = PBXBuildFile; fileRef = BF3FB7D52656961C00A790E1 /* QuizzQuestionHeaderCollectionReusableView.swift */; };
		BF3FB7D82656961C00A790E1 /* QuizzQuestionHeaderCollectionReusableView.xib in Resources */ = {isa = PBXBuildFile; fileRef = BF3FB7D62656961C00A790E1 /* QuizzQuestionHeaderCollectionReusableView.xib */; };
		BF3FB7F32659663C00A790E1 /* OnboardingWelcomeView.swift in Sources */ = {isa = PBXBuildFile; fileRef = BF3FB7F22659663C00A790E1 /* OnboardingWelcomeView.swift */; };
		BF3FB7F626596D2700A790E1 /* OnboardingViewController.swift in Sources */ = {isa = PBXBuildFile; fileRef = BF3FB7F526596D2700A790E1 /* OnboardingViewController.swift */; };
		BF3FB7FB265983CE00A790E1 /* FugazOne-Regular.ttf in Resources */ = {isa = PBXBuildFile; fileRef = BF3FB7F8265983B200A790E1 /* FugazOne-Regular.ttf */; };
		BF53C94A2662753C0048ECBB /* Cabeleira.swift in Sources */ = {isa = PBXBuildFile; fileRef = BF53C9492662753C0048ECBB /* Cabeleira.swift */; };
		BF5541FC264C10D400F978A8 /* AppDelegate.swift in Sources */ = {isa = PBXBuildFile; fileRef = BF5541FB264C10D400F978A8 /* AppDelegate.swift */; };
		BF5541FE264C10D400F978A8 /* SceneDelegate.swift in Sources */ = {isa = PBXBuildFile; fileRef = BF5541FD264C10D400F978A8 /* SceneDelegate.swift */; };
		BF554200264C10D400F978A8 /* QuizzViewController.swift in Sources */ = {isa = PBXBuildFile; fileRef = BF5541FF264C10D400F978A8 /* QuizzViewController.swift */; };
		BF554203264C10D400F978A8 /* Main.storyboard in Resources */ = {isa = PBXBuildFile; fileRef = BF554201264C10D400F978A8 /* Main.storyboard */; };
		BF554208264C10D800F978A8 /* LaunchScreen.storyboard in Resources */ = {isa = PBXBuildFile; fileRef = BF554206264C10D800F978A8 /* LaunchScreen.storyboard */; };
		BF7E8601265B11F50078B5C6 /* AppCoordinator.swift in Sources */ = {isa = PBXBuildFile; fileRef = BF7E8600265B11F50078B5C6 /* AppCoordinator.swift */; };
		BF7E8604265B11FE0078B5C6 /* Coordinator.swift in Sources */ = {isa = PBXBuildFile; fileRef = BF7E8603265B11FE0078B5C6 /* Coordinator.swift */; };
		BF7E860A265BC50F0078B5C6 /* OnboardingPresenter.swift in Sources */ = {isa = PBXBuildFile; fileRef = BF7E8609265BC50F0078B5C6 /* OnboardingPresenter.swift */; };
		BF7E860D265BC9920078B5C6 /* SkipButton.swift in Sources */ = {isa = PBXBuildFile; fileRef = BF7E860C265BC9920078B5C6 /* SkipButton.swift */; };
		BF7E8610265BE3080078B5C6 /* RecommendationViewController.swift in Sources */ = {isa = PBXBuildFile; fileRef = BF7E860F265BE3080078B5C6 /* RecommendationViewController.swift */; };
		BF7E8613265BE5CA0078B5C6 /* TabBarViewController.swift in Sources */ = {isa = PBXBuildFile; fileRef = BF7E8612265BE5CA0078B5C6 /* TabBarViewController.swift */; };
		BF7E8619265C15580078B5C6 /* TabBarPresenter.swift in Sources */ = {isa = PBXBuildFile; fileRef = BF7E8618265C15580078B5C6 /* TabBarPresenter.swift */; };
		BF7E861D265C1CC00078B5C6 /* RecommendationTableViewCell.swift in Sources */ = {isa = PBXBuildFile; fileRef = BF7E861B265C1CC00078B5C6 /* RecommendationTableViewCell.swift */; };
		BF7E861E265C1CC00078B5C6 /* RecommendationTableViewCell.xib in Resources */ = {isa = PBXBuildFile; fileRef = BF7E861C265C1CC00078B5C6 /* RecommendationTableViewCell.xib */; };
		BF7E8621265C3C810078B5C6 /* Recommendation.swift in Sources */ = {isa = PBXBuildFile; fileRef = BF7E8620265C3C810078B5C6 /* Recommendation.swift */; };
		BF7E8624265C3CFC0078B5C6 /* RecommendationLibrary.swift in Sources */ = {isa = PBXBuildFile; fileRef = BF7E8623265C3CFC0078B5C6 /* RecommendationLibrary.swift */; };
		BF7E8632265C8EB70078B5C6 /* ProductDetailsViewController.swift in Sources */ = {isa = PBXBuildFile; fileRef = BF7E8631265C8EB70078B5C6 /* ProductDetailsViewController.swift */; };
		BF870200265E88AD00D58BE3 /* AboutViewController.swift in Sources */ = {isa = PBXBuildFile; fileRef = BF8701FF265E88AD00D58BE3 /* AboutViewController.swift */; };
		BF870204265E8AF400D58BE3 /* ProjectTableViewCell.swift in Sources */ = {isa = PBXBuildFile; fileRef = BF870202265E8AF400D58BE3 /* ProjectTableViewCell.swift */; };
		BF870205265E8AF500D58BE3 /* ProjectTableViewCell.xib in Resources */ = {isa = PBXBuildFile; fileRef = BF870203265E8AF400D58BE3 /* ProjectTableViewCell.xib */; };
		BF870209265E8B0100D58BE3 /* DeveloperTableViewCell.swift in Sources */ = {isa = PBXBuildFile; fileRef = BF870207265E8B0100D58BE3 /* DeveloperTableViewCell.swift */; };
		BF87020A265E8B0100D58BE3 /* DeveloperTableViewCell.xib in Resources */ = {isa = PBXBuildFile; fileRef = BF870208265E8B0100D58BE3 /* DeveloperTableViewCell.xib */; };
		BF87020D265E952100D58BE3 /* Filter.swift in Sources */ = {isa = PBXBuildFile; fileRef = BF87020C265E952100D58BE3 /* Filter.swift */; };
		BF870210265E9B8B00D58BE3 /* Developer.swift in Sources */ = {isa = PBXBuildFile; fileRef = BF87020F265E9B8B00D58BE3 /* Developer.swift */; };
		BF870213265E9C1100D58BE3 /* DeveloperLibrary.swift in Sources */ = {isa = PBXBuildFile; fileRef = BF870212265E9C1100D58BE3 /* DeveloperLibrary.swift */; };
		BF870216265E9EB300D58BE3 /* AboutCategories.swift in Sources */ = {isa = PBXBuildFile; fileRef = BF870215265E9EB300D58BE3 /* AboutCategories.swift */; };
		BF87021D265EC06D00D58BE3 /* TipsCategories.swift in Sources */ = {isa = PBXBuildFile; fileRef = BF87021C265EC06D00D58BE3 /* TipsCategories.swift */; };
		BF870221265ED34900D58BE3 /* ProductCategories.swift in Sources */ = {isa = PBXBuildFile; fileRef = BF870220265ED34900D58BE3 /* ProductCategories.swift */; };
		BF870228265EFF9600D58BE3 /* FilterCollectionViewCell.swift in Sources */ = {isa = PBXBuildFile; fileRef = BF870226265EFF9600D58BE3 /* FilterCollectionViewCell.swift */; };
		BF8995C7265D7C0500A0FA34 /* Assets.xcassets in Resources */ = {isa = PBXBuildFile; fileRef = BF554204264C10D800F978A8 /* Assets.xcassets */; };
		BF8995CB265D80EB00A0FA34 /* Categories.swift in Sources */ = {isa = PBXBuildFile; fileRef = BF8995CA265D80EB00A0FA34 /* Categories.swift */; };
		BF8995D5265D851A00A0FA34 /* Networking.swift in Sources */ = {isa = PBXBuildFile; fileRef = BF8995D4265D851A00A0FA34 /* Networking.swift */; };
		BF8995D8265D855400A0FA34 /* Paths.swift in Sources */ = {isa = PBXBuildFile; fileRef = BF8995D7265D855400A0FA34 /* Paths.swift */; };
		BF8995DB265D856900A0FA34 /* Endpoint.swift in Sources */ = {isa = PBXBuildFile; fileRef = BF8995DA265D856900A0FA34 /* Endpoint.swift */; };
		BF8995DE265D892800A0FA34 /* UserPreferences.swift in Sources */ = {isa = PBXBuildFile; fileRef = BF8995DD265D892800A0FA34 /* UserPreferences.swift */; };
		BF8995E7265D944B00A0FA34 /* ResultsViewController.swift in Sources */ = {isa = PBXBuildFile; fileRef = BF8995E6265D944B00A0FA34 /* ResultsViewController.swift */; };
		BF8995EA265D945D00A0FA34 /* ResultsPresenter.swift in Sources */ = {isa = PBXBuildFile; fileRef = BF8995E9265D945D00A0FA34 /* ResultsPresenter.swift */; };
		BF8995ED265DA82900A0FA34 /* Tip.swift in Sources */ = {isa = PBXBuildFile; fileRef = BF8995EC265DA82900A0FA34 /* Tip.swift */; };
		BF8995F0265DA94200A0FA34 /* Tips.swift in Sources */ = {isa = PBXBuildFile; fileRef = BF8995EF265DA94200A0FA34 /* Tips.swift */; };
		BF8995F3265DA98D00A0FA34 /* TipsMetadata.swift in Sources */ = {isa = PBXBuildFile; fileRef = BF8995F2265DA98D00A0FA34 /* TipsMetadata.swift */; };
		BF8995F6265DAD9600A0FA34 /* RecommendationCategories.swift in Sources */ = {isa = PBXBuildFile; fileRef = BF8995F5265DAD9600A0FA34 /* RecommendationCategories.swift */; };
		BF8995F9265DC16800A0FA34 /* Product.swift in Sources */ = {isa = PBXBuildFile; fileRef = BF8995F8265DC16800A0FA34 /* Product.swift */; };
		BF8995FC265DC1A000A0FA34 /* Products.swift in Sources */ = {isa = PBXBuildFile; fileRef = BF8995FB265DC1A000A0FA34 /* Products.swift */; };
		BF8995FF265DC1AE00A0FA34 /* ProductsMetada.swift in Sources */ = {isa = PBXBuildFile; fileRef = BF8995FE265DC1AE00A0FA34 /* ProductsMetada.swift */; };
		BFBE8841265C9A9F002EAB03 /* RecommendationPresenter.swift in Sources */ = {isa = PBXBuildFile; fileRef = BFBE8840265C9A9F002EAB03 /* RecommendationPresenter.swift */; };
		BFBE8844265D2B93002EAB03 /* ButtonViewShadow.swift in Sources */ = {isa = PBXBuildFile; fileRef = BFBE8843265D2B93002EAB03 /* ButtonViewShadow.swift */; };
		D4C7FE243613AA5632C62DDA /* Pods_camp_diversidade.framework in Frameworks */ = {isa = PBXBuildFile; fileRef = B6ABD65A13922481C8ED4A6E /* Pods_camp_diversidade.framework */; };
/* End PBXBuildFile section */

/* Begin PBXFileReference section */
		294C8A2058445745B7C7F21B /* Pods-camp-diversidade.debug.xcconfig */ = {isa = PBXFileReference; includeInIndex = 1; lastKnownFileType = text.xcconfig; name = "Pods-camp-diversidade.debug.xcconfig"; path = "Target Support Files/Pods-camp-diversidade/Pods-camp-diversidade.debug.xcconfig"; sourceTree = "<group>"; };
		B6ABD65A13922481C8ED4A6E /* Pods_camp_diversidade.framework */ = {isa = PBXFileReference; explicitFileType = wrapper.framework; includeInIndex = 0; path = Pods_camp_diversidade.framework; sourceTree = BUILT_PRODUCTS_DIR; };
		BF31B0D5265FDDBD00579AF5 /* TimelineViewController.swift */ = {isa = PBXFileReference; lastKnownFileType = sourcecode.swift; path = TimelineViewController.swift; sourceTree = "<group>"; };
		BF31B0D8265FDDE000579AF5 /* TimelinePresenter.swift */ = {isa = PBXFileReference; lastKnownFileType = sourcecode.swift; path = TimelinePresenter.swift; sourceTree = "<group>"; };
		BF31B0DE265FE2A200579AF5 /* YearCollectionViewCell.swift */ = {isa = PBXFileReference; lastKnownFileType = sourcecode.swift; path = YearCollectionViewCell.swift; sourceTree = "<group>"; };
		BF31B0E526600C2F00579AF5 /* Results.swift */ = {isa = PBXFileReference; lastKnownFileType = sourcecode.swift; path = Results.swift; sourceTree = "<group>"; };
		BF31B0E826600C7100579AF5 /* Result.swift */ = {isa = PBXFileReference; lastKnownFileType = sourcecode.swift; path = Result.swift; sourceTree = "<group>"; };
		BF31B0F0266020A100579AF5 /* QuizzType.swift */ = {isa = PBXFileReference; lastKnownFileType = sourcecode.swift; path = QuizzType.swift; sourceTree = "<group>"; };
		BF31B0F42660212B00579AF5 /* QuizzChemistry.swift */ = {isa = PBXFileReference; lastKnownFileType = sourcecode.swift; path = QuizzChemistry.swift; sourceTree = "<group>"; };
		BF31B0F72660214000579AF5 /* QuizzFeatures.swift */ = {isa = PBXFileReference; lastKnownFileType = sourcecode.swift; path = QuizzFeatures.swift; sourceTree = "<group>"; };
		BF31B0FA2660214A00579AF5 /* QuizzProducts.swift */ = {isa = PBXFileReference; lastKnownFileType = sourcecode.swift; path = QuizzProducts.swift; sourceTree = "<group>"; };
		BF31B0FD2660215300579AF5 /* QuizzObjectives.swift */ = {isa = PBXFileReference; lastKnownFileType = sourcecode.swift; path = QuizzObjectives.swift; sourceTree = "<group>"; };
		BF31B1082660545F00579AF5 /* UserPreferenceSetter.swift */ = {isa = PBXFileReference; lastKnownFileType = sourcecode.swift; path = UserPreferenceSetter.swift; sourceTree = "<group>"; };
		BF31B10D266064FE00579AF5 /* Timelines.swift */ = {isa = PBXFileReference; lastKnownFileType = sourcecode.swift; path = Timelines.swift; sourceTree = "<group>"; };
		BF31B1112660650D00579AF5 /* TimelineMetadata.swift */ = {isa = PBXFileReference; lastKnownFileType = sourcecode.swift; path = TimelineMetadata.swift; sourceTree = "<group>"; };
		BF31B1142660651300579AF5 /* Timeline.swift */ = {isa = PBXFileReference; lastKnownFileType = sourcecode.swift; path = Timeline.swift; sourceTree = "<group>"; };
		BF3FB7BF2655B11900A790E1 /* QuizzItemCollectionViewCell.swift */ = {isa = PBXFileReference; lastKnownFileType = sourcecode.swift; path = QuizzItemCollectionViewCell.swift; sourceTree = "<group>"; };
		BF3FB7C02655B11900A790E1 /* QuizzItemCollectionViewCell.xib */ = {isa = PBXFileReference; lastKnownFileType = file.xib; path = QuizzItemCollectionViewCell.xib; sourceTree = "<group>"; };
		BF3FB7C72655E90B00A790E1 /* QuizzPresenter.swift */ = {isa = PBXFileReference; lastKnownFileType = sourcecode.swift; path = QuizzPresenter.swift; sourceTree = "<group>"; };
		BF3FB7CC2655EAF100A790E1 /* QuizzLibrary.swift */ = {isa = PBXFileReference; lastKnownFileType = sourcecode.swift; path = QuizzLibrary.swift; sourceTree = "<group>"; };
		BF3FB7D02655EB0500A790E1 /* Quizz.swift */ = {isa = PBXFileReference; lastKnownFileType = sourcecode.swift; path = Quizz.swift; sourceTree = "<group>"; };
		BF3FB7D52656961C00A790E1 /* QuizzQuestionHeaderCollectionReusableView.swift */ = {isa = PBXFileReference; lastKnownFileType = sourcecode.swift; path = QuizzQuestionHeaderCollectionReusableView.swift; sourceTree = "<group>"; };
		BF3FB7D62656961C00A790E1 /* QuizzQuestionHeaderCollectionReusableView.xib */ = {isa = PBXFileReference; lastKnownFileType = file.xib; path = QuizzQuestionHeaderCollectionReusableView.xib; sourceTree = "<group>"; };
		BF3FB7F22659663C00A790E1 /* OnboardingWelcomeView.swift */ = {isa = PBXFileReference; lastKnownFileType = sourcecode.swift; path = OnboardingWelcomeView.swift; sourceTree = "<group>"; };
		BF3FB7F526596D2700A790E1 /* OnboardingViewController.swift */ = {isa = PBXFileReference; lastKnownFileType = sourcecode.swift; path = OnboardingViewController.swift; sourceTree = "<group>"; };
		BF3FB7F8265983B200A790E1 /* FugazOne-Regular.ttf */ = {isa = PBXFileReference; lastKnownFileType = file; path = "FugazOne-Regular.ttf"; sourceTree = "<group>"; };
		BF53C9492662753C0048ECBB /* Cabeleira.swift */ = {isa = PBXFileReference; lastKnownFileType = sourcecode.swift; path = Cabeleira.swift; sourceTree = "<group>"; };
		BF5541F8264C10D400F978A8 /* camp-diversidade.app */ = {isa = PBXFileReference; explicitFileType = wrapper.application; includeInIndex = 0; path = "camp-diversidade.app"; sourceTree = BUILT_PRODUCTS_DIR; };
		BF5541FB264C10D400F978A8 /* AppDelegate.swift */ = {isa = PBXFileReference; lastKnownFileType = sourcecode.swift; path = AppDelegate.swift; sourceTree = "<group>"; };
		BF5541FD264C10D400F978A8 /* SceneDelegate.swift */ = {isa = PBXFileReference; lastKnownFileType = sourcecode.swift; path = SceneDelegate.swift; sourceTree = "<group>"; };
		BF5541FF264C10D400F978A8 /* QuizzViewController.swift */ = {isa = PBXFileReference; lastKnownFileType = sourcecode.swift; path = QuizzViewController.swift; sourceTree = "<group>"; };
		BF554202264C10D400F978A8 /* Base */ = {isa = PBXFileReference; lastKnownFileType = file.storyboard; name = Base; path = Base.lproj/Main.storyboard; sourceTree = "<group>"; };
		BF554204264C10D800F978A8 /* Assets.xcassets */ = {isa = PBXFileReference; lastKnownFileType = folder.assetcatalog; path = Assets.xcassets; sourceTree = "<group>"; };
		BF554207264C10D800F978A8 /* Base */ = {isa = PBXFileReference; lastKnownFileType = file.storyboard; name = Base; path = Base.lproj/LaunchScreen.storyboard; sourceTree = "<group>"; };
		BF554209264C10D800F978A8 /* Info.plist */ = {isa = PBXFileReference; lastKnownFileType = text.plist.xml; path = Info.plist; sourceTree = "<group>"; };
		BF7E8600265B11F50078B5C6 /* AppCoordinator.swift */ = {isa = PBXFileReference; lastKnownFileType = sourcecode.swift; path = AppCoordinator.swift; sourceTree = "<group>"; };
		BF7E8603265B11FE0078B5C6 /* Coordinator.swift */ = {isa = PBXFileReference; lastKnownFileType = sourcecode.swift; path = Coordinator.swift; sourceTree = "<group>"; };
		BF7E8609265BC50F0078B5C6 /* OnboardingPresenter.swift */ = {isa = PBXFileReference; lastKnownFileType = sourcecode.swift; path = OnboardingPresenter.swift; sourceTree = "<group>"; };
		BF7E860C265BC9920078B5C6 /* SkipButton.swift */ = {isa = PBXFileReference; lastKnownFileType = sourcecode.swift; path = SkipButton.swift; sourceTree = "<group>"; };
		BF7E860F265BE3080078B5C6 /* RecommendationViewController.swift */ = {isa = PBXFileReference; lastKnownFileType = sourcecode.swift; path = RecommendationViewController.swift; sourceTree = "<group>"; };
		BF7E8612265BE5CA0078B5C6 /* TabBarViewController.swift */ = {isa = PBXFileReference; lastKnownFileType = sourcecode.swift; path = TabBarViewController.swift; sourceTree = "<group>"; };
		BF7E8618265C15580078B5C6 /* TabBarPresenter.swift */ = {isa = PBXFileReference; lastKnownFileType = sourcecode.swift; path = TabBarPresenter.swift; sourceTree = "<group>"; };
		BF7E861B265C1CC00078B5C6 /* RecommendationTableViewCell.swift */ = {isa = PBXFileReference; lastKnownFileType = sourcecode.swift; path = RecommendationTableViewCell.swift; sourceTree = "<group>"; };
		BF7E861C265C1CC00078B5C6 /* RecommendationTableViewCell.xib */ = {isa = PBXFileReference; lastKnownFileType = file.xib; path = RecommendationTableViewCell.xib; sourceTree = "<group>"; };
		BF7E8620265C3C810078B5C6 /* Recommendation.swift */ = {isa = PBXFileReference; lastKnownFileType = sourcecode.swift; path = Recommendation.swift; sourceTree = "<group>"; };
		BF7E8623265C3CFC0078B5C6 /* RecommendationLibrary.swift */ = {isa = PBXFileReference; lastKnownFileType = sourcecode.swift; path = RecommendationLibrary.swift; sourceTree = "<group>"; };
		BF7E8631265C8EB70078B5C6 /* ProductDetailsViewController.swift */ = {isa = PBXFileReference; lastKnownFileType = sourcecode.swift; path = ProductDetailsViewController.swift; sourceTree = "<group>"; };
		BF8701FF265E88AD00D58BE3 /* AboutViewController.swift */ = {isa = PBXFileReference; lastKnownFileType = sourcecode.swift; path = AboutViewController.swift; sourceTree = "<group>"; };
		BF870202265E8AF400D58BE3 /* ProjectTableViewCell.swift */ = {isa = PBXFileReference; lastKnownFileType = sourcecode.swift; path = ProjectTableViewCell.swift; sourceTree = "<group>"; };
		BF870203265E8AF400D58BE3 /* ProjectTableViewCell.xib */ = {isa = PBXFileReference; lastKnownFileType = file.xib; path = ProjectTableViewCell.xib; sourceTree = "<group>"; };
		BF870207265E8B0100D58BE3 /* DeveloperTableViewCell.swift */ = {isa = PBXFileReference; lastKnownFileType = sourcecode.swift; path = DeveloperTableViewCell.swift; sourceTree = "<group>"; };
		BF870208265E8B0100D58BE3 /* DeveloperTableViewCell.xib */ = {isa = PBXFileReference; lastKnownFileType = file.xib; path = DeveloperTableViewCell.xib; sourceTree = "<group>"; };
		BF87020C265E952100D58BE3 /* Filter.swift */ = {isa = PBXFileReference; lastKnownFileType = sourcecode.swift; path = Filter.swift; sourceTree = "<group>"; };
		BF87020F265E9B8B00D58BE3 /* Developer.swift */ = {isa = PBXFileReference; lastKnownFileType = sourcecode.swift; path = Developer.swift; sourceTree = "<group>"; };
		BF870212265E9C1100D58BE3 /* DeveloperLibrary.swift */ = {isa = PBXFileReference; lastKnownFileType = sourcecode.swift; path = DeveloperLibrary.swift; sourceTree = "<group>"; };
		BF870215265E9EB300D58BE3 /* AboutCategories.swift */ = {isa = PBXFileReference; lastKnownFileType = sourcecode.swift; path = AboutCategories.swift; sourceTree = "<group>"; };
		BF87021C265EC06D00D58BE3 /* TipsCategories.swift */ = {isa = PBXFileReference; lastKnownFileType = sourcecode.swift; path = TipsCategories.swift; sourceTree = "<group>"; };
		BF870220265ED34900D58BE3 /* ProductCategories.swift */ = {isa = PBXFileReference; lastKnownFileType = sourcecode.swift; path = ProductCategories.swift; sourceTree = "<group>"; };
		BF870226265EFF9600D58BE3 /* FilterCollectionViewCell.swift */ = {isa = PBXFileReference; lastKnownFileType = sourcecode.swift; path = FilterCollectionViewCell.swift; sourceTree = "<group>"; };
		BF8995CA265D80EB00A0FA34 /* Categories.swift */ = {isa = PBXFileReference; lastKnownFileType = sourcecode.swift; path = Categories.swift; sourceTree = "<group>"; };
		BF8995D4265D851A00A0FA34 /* Networking.swift */ = {isa = PBXFileReference; lastKnownFileType = sourcecode.swift; path = Networking.swift; sourceTree = "<group>"; };
		BF8995D7265D855400A0FA34 /* Paths.swift */ = {isa = PBXFileReference; lastKnownFileType = sourcecode.swift; path = Paths.swift; sourceTree = "<group>"; };
		BF8995DA265D856900A0FA34 /* Endpoint.swift */ = {isa = PBXFileReference; lastKnownFileType = sourcecode.swift; path = Endpoint.swift; sourceTree = "<group>"; };
		BF8995DD265D892800A0FA34 /* UserPreferences.swift */ = {isa = PBXFileReference; lastKnownFileType = sourcecode.swift; path = UserPreferences.swift; sourceTree = "<group>"; };
		BF8995E6265D944B00A0FA34 /* ResultsViewController.swift */ = {isa = PBXFileReference; lastKnownFileType = sourcecode.swift; path = ResultsViewController.swift; sourceTree = "<group>"; };
		BF8995E9265D945D00A0FA34 /* ResultsPresenter.swift */ = {isa = PBXFileReference; lastKnownFileType = sourcecode.swift; path = ResultsPresenter.swift; sourceTree = "<group>"; };
		BF8995EC265DA82900A0FA34 /* Tip.swift */ = {isa = PBXFileReference; lastKnownFileType = sourcecode.swift; path = Tip.swift; sourceTree = "<group>"; };
		BF8995EF265DA94200A0FA34 /* Tips.swift */ = {isa = PBXFileReference; lastKnownFileType = sourcecode.swift; path = Tips.swift; sourceTree = "<group>"; };
		BF8995F2265DA98D00A0FA34 /* TipsMetadata.swift */ = {isa = PBXFileReference; lastKnownFileType = sourcecode.swift; path = TipsMetadata.swift; sourceTree = "<group>"; };
		BF8995F5265DAD9600A0FA34 /* RecommendationCategories.swift */ = {isa = PBXFileReference; lastKnownFileType = sourcecode.swift; path = RecommendationCategories.swift; sourceTree = "<group>"; };
		BF8995F8265DC16800A0FA34 /* Product.swift */ = {isa = PBXFileReference; lastKnownFileType = sourcecode.swift; path = Product.swift; sourceTree = "<group>"; };
		BF8995FB265DC1A000A0FA34 /* Products.swift */ = {isa = PBXFileReference; lastKnownFileType = sourcecode.swift; path = Products.swift; sourceTree = "<group>"; };
		BF8995FE265DC1AE00A0FA34 /* ProductsMetada.swift */ = {isa = PBXFileReference; lastKnownFileType = sourcecode.swift; path = ProductsMetada.swift; sourceTree = "<group>"; };
		BFBE8840265C9A9F002EAB03 /* RecommendationPresenter.swift */ = {isa = PBXFileReference; lastKnownFileType = sourcecode.swift; path = RecommendationPresenter.swift; sourceTree = "<group>"; };
		BFBE8843265D2B93002EAB03 /* ButtonViewShadow.swift */ = {isa = PBXFileReference; lastKnownFileType = sourcecode.swift; path = ButtonViewShadow.swift; sourceTree = "<group>"; };
		D3DE46E2363D8D5477DBDEE0 /* Pods-camp-diversidade.release.xcconfig */ = {isa = PBXFileReference; includeInIndex = 1; lastKnownFileType = text.xcconfig; name = "Pods-camp-diversidade.release.xcconfig"; path = "Target Support Files/Pods-camp-diversidade/Pods-camp-diversidade.release.xcconfig"; sourceTree = "<group>"; };
/* End PBXFileReference section */

/* Begin PBXFrameworksBuildPhase section */
		BF5541F5264C10D400F978A8 /* Frameworks */ = {
			isa = PBXFrameworksBuildPhase;
			buildActionMask = 2147483647;
			files = (
				D4C7FE243613AA5632C62DDA /* Pods_camp_diversidade.framework in Frameworks */,
			);
			runOnlyForDeploymentPostprocessing = 0;
		};
/* End PBXFrameworksBuildPhase section */

/* Begin PBXGroup section */
		76416EBD705D3004AEA88D0B /* Frameworks */ = {
			isa = PBXGroup;
			children = (
				B6ABD65A13922481C8ED4A6E /* Pods_camp_diversidade.framework */,
			);
			name = Frameworks;
			sourceTree = "<group>";
		};
		BDFB83A9A982A6239AA6CD61 /* Pods */ = {
			isa = PBXGroup;
			children = (
				294C8A2058445745B7C7F21B /* Pods-camp-diversidade.debug.xcconfig */,
				D3DE46E2363D8D5477DBDEE0 /* Pods-camp-diversidade.release.xcconfig */,
			);
			path = Pods;
			sourceTree = "<group>";
		};
		BF31B0EB26601FB700579AF5 /* Quizz */ = {
			isa = PBXGroup;
			children = (
				BF3FB7D02655EB0500A790E1 /* Quizz.swift */,
				BF31B0F0266020A100579AF5 /* QuizzType.swift */,
				BF31B0F42660212B00579AF5 /* QuizzChemistry.swift */,
				BF31B0F72660214000579AF5 /* QuizzFeatures.swift */,
				BF31B0FA2660214A00579AF5 /* QuizzProducts.swift */,
				BF31B0FD2660215300579AF5 /* QuizzObjectives.swift */,
			);
			path = Quizz;
			sourceTree = "<group>";
		};
		BF31B10026602F8700579AF5 /* Networking */ = {
			isa = PBXGroup;
			children = (
				BF8995D4265D851A00A0FA34 /* Networking.swift */,
				BF8995D7265D855400A0FA34 /* Paths.swift */,
				BF8995DA265D856900A0FA34 /* Endpoint.swift */,
				BF31B1082660545F00579AF5 /* UserPreferenceSetter.swift */,
			);
			path = Networking;
			sourceTree = "<group>";
		};
		BF31B10126602FBC00579AF5 /* Recommendation */ = {
			isa = PBXGroup;
			children = (
				BF7E8620265C3C810078B5C6 /* Recommendation.swift */,
				BF8995CA265D80EB00A0FA34 /* Categories.swift */,
				BF8995EF265DA94200A0FA34 /* Tips.swift */,
				BF8995F8265DC16800A0FA34 /* Product.swift */,
				BF8995FE265DC1AE00A0FA34 /* ProductsMetada.swift */,
				BF8995F2265DA98D00A0FA34 /* TipsMetadata.swift */,
				BF870220265ED34900D58BE3 /* ProductCategories.swift */,
				BF87021C265EC06D00D58BE3 /* TipsCategories.swift */,
				BF8995F5265DAD9600A0FA34 /* RecommendationCategories.swift */,
				BF8995FB265DC1A000A0FA34 /* Products.swift */,
				BF8995EC265DA82900A0FA34 /* Tip.swift */,
			);
			path = Recommendation;
			sourceTree = "<group>";
		};
		BF31B10226602FDA00579AF5 /* Results */ = {
			isa = PBXGroup;
			children = (
				BF31B0E826600C7100579AF5 /* Result.swift */,
				BF31B0E526600C2F00579AF5 /* Results.swift */,
				BF53C9492662753C0048ECBB /* Cabeleira.swift */,
			);
			path = Results;
			sourceTree = "<group>";
		};
		BF31B10326602FF700579AF5 /* About */ = {
			isa = PBXGroup;
			children = (
				BF87020F265E9B8B00D58BE3 /* Developer.swift */,
				BF870215265E9EB300D58BE3 /* AboutCategories.swift */,
			);
			path = About;
			sourceTree = "<group>";
		};
		BF31B1042660301500579AF5 /* Signup */ = {
			isa = PBXGroup;
			children = (
				BF8995DD265D892800A0FA34 /* UserPreferences.swift */,
			);
			path = Signup;
			sourceTree = "<group>";
		};
		BF31B1062660304400579AF5 /* Filter */ = {
			isa = PBXGroup;
			children = (
				BF87020C265E952100D58BE3 /* Filter.swift */,
			);
			path = Filter;
			sourceTree = "<group>";
		};
		BF31B10C266064E800579AF5 /* Timeline */ = {
			isa = PBXGroup;
			children = (
				BF31B10D266064FE00579AF5 /* Timelines.swift */,
				BF31B1112660650D00579AF5 /* TimelineMetadata.swift */,
				BF31B1142660651300579AF5 /* Timeline.swift */,
			);
			path = Timeline;
			sourceTree = "<group>";
		};
		BF3FB7B52654A66000A790E1 /* Presenters */ = {
			isa = PBXGroup;
			children = (
				BF3FB7C72655E90B00A790E1 /* QuizzPresenter.swift */,
				BF7E8609265BC50F0078B5C6 /* OnboardingPresenter.swift */,
				BF7E8618265C15580078B5C6 /* TabBarPresenter.swift */,
				BFBE8840265C9A9F002EAB03 /* RecommendationPresenter.swift */,
				BF8995E9265D945D00A0FA34 /* ResultsPresenter.swift */,
				BF31B0D8265FDDE000579AF5 /* TimelinePresenter.swift */,
			);
			path = Presenters;
			sourceTree = "<group>";
		};
		BF3FB7B62654A66E00A790E1 /* Views */ = {
			isa = PBXGroup;
			children = (
				BF3FB7BE2655B0EA00A790E1 /* Xibs */,
				BF3FB7BB2654A6D400A790E1 /* Storyboards */,
				BF3FB7BA2654A6C100A790E1 /* Controllers */,
			);
			path = Views;
			sourceTree = "<group>";
		};
		BF3FB7B72654A67600A790E1 /* Supporting Files */ = {
			isa = PBXGroup;
			children = (
				BF554206264C10D800F978A8 /* LaunchScreen.storyboard */,
				BF554204264C10D800F978A8 /* Assets.xcassets */,
				BF554209264C10D800F978A8 /* Info.plist */,
			);
			path = "Supporting Files";
			sourceTree = "<group>";
		};
		BF3FB7B82654A67F00A790E1 /* Models */ = {
			isa = PBXGroup;
			children = (
				BF31B10C266064E800579AF5 /* Timeline */,
				BF31B1062660304400579AF5 /* Filter */,
				BF31B1042660301500579AF5 /* Signup */,
				BF31B10326602FF700579AF5 /* About */,
				BF31B10226602FDA00579AF5 /* Results */,
				BF31B10126602FBC00579AF5 /* Recommendation */,
				BF31B0EB26601FB700579AF5 /* Quizz */,
				BF31B10026602F8700579AF5 /* Networking */,
			);
			path = Models;
			sourceTree = "<group>";
		};
		BF3FB7B92654A69B00A790E1 /* App Delegates */ = {
			isa = PBXGroup;
			children = (
				BF5541FB264C10D400F978A8 /* AppDelegate.swift */,
				BF5541FD264C10D400F978A8 /* SceneDelegate.swift */,
			);
			path = "App Delegates";
			sourceTree = "<group>";
		};
		BF3FB7BA2654A6C100A790E1 /* Controllers */ = {
			isa = PBXGroup;
			children = (
				BF5541FF264C10D400F978A8 /* QuizzViewController.swift */,
				BF3FB7F526596D2700A790E1 /* OnboardingViewController.swift */,
				BF7E860F265BE3080078B5C6 /* RecommendationViewController.swift */,
				BF7E8612265BE5CA0078B5C6 /* TabBarViewController.swift */,
				BF7E8631265C8EB70078B5C6 /* ProductDetailsViewController.swift */,
				BF8995E6265D944B00A0FA34 /* ResultsViewController.swift */,
				BF8701FF265E88AD00D58BE3 /* AboutViewController.swift */,
				BF31B0D5265FDDBD00579AF5 /* TimelineViewController.swift */,
			);
			path = Controllers;
			sourceTree = "<group>";
		};
		BF3FB7BB2654A6D400A790E1 /* Storyboards */ = {
			isa = PBXGroup;
			children = (
				BF554201264C10D400F978A8 /* Main.storyboard */,
			);
			path = Storyboards;
			sourceTree = "<group>";
		};
		BF3FB7BE2655B0EA00A790E1 /* Xibs */ = {
			isa = PBXGroup;
			children = (
				BF53C9562662FBEB0048ECBB /* Custom */,
				BF53C9552662FBDB0048ECBB /* Timeline */,
				BF53C9542662FBBB0048ECBB /* About */,
				BF53C9512662FB830048ECBB /* Recommendation */,
				BF53C9502662FB760048ECBB /* Onboarding */,
				BF53C94F2662FB680048ECBB /* Quizz */,
			);
			path = Xibs;
			sourceTree = "<group>";
		};
		BF3FB7CB2655EACB00A790E1 /* Services */ = {
			isa = PBXGroup;
			children = (
				BF3FB7CC2655EAF100A790E1 /* QuizzLibrary.swift */,
				BF7E8623265C3CFC0078B5C6 /* RecommendationLibrary.swift */,
				BFBE8843265D2B93002EAB03 /* ButtonViewShadow.swift */,
				BF870212265E9C1100D58BE3 /* DeveloperLibrary.swift */,
			);
			path = Services;
			sourceTree = "<group>";
		};
		BF3FB7EB2659589200A790E1 /* Fonts */ = {
			isa = PBXGroup;
			children = (
				BF3FB7F8265983B200A790E1 /* FugazOne-Regular.ttf */,
			);
			path = Fonts;
			sourceTree = "<group>";
		};
		BF53C94F2662FB680048ECBB /* Quizz */ = {
			isa = PBXGroup;
			children = (
				BF3FB7BF2655B11900A790E1 /* QuizzItemCollectionViewCell.swift */,
				BF3FB7C02655B11900A790E1 /* QuizzItemCollectionViewCell.xib */,
				BF3FB7D52656961C00A790E1 /* QuizzQuestionHeaderCollectionReusableView.swift */,
				BF3FB7D62656961C00A790E1 /* QuizzQuestionHeaderCollectionReusableView.xib */,
			);
			path = Quizz;
			sourceTree = "<group>";
		};
		BF53C9502662FB760048ECBB /* Onboarding */ = {
			isa = PBXGroup;
			children = (
				BF3FB7F22659663C00A790E1 /* OnboardingWelcomeView.swift */,
			);
			path = Onboarding;
			sourceTree = "<group>";
		};
		BF53C9512662FB830048ECBB /* Recommendation */ = {
			isa = PBXGroup;
			children = (
				BF7E861B265C1CC00078B5C6 /* RecommendationTableViewCell.swift */,
				BF7E861C265C1CC00078B5C6 /* RecommendationTableViewCell.xib */,
				BF870226265EFF9600D58BE3 /* FilterCollectionViewCell.swift */,
			);
			path = Recommendation;
			sourceTree = "<group>";
		};
		BF53C9542662FBBB0048ECBB /* About */ = {
			isa = PBXGroup;
			children = (
				BF870202265E8AF400D58BE3 /* ProjectTableViewCell.swift */,
				BF870203265E8AF400D58BE3 /* ProjectTableViewCell.xib */,
				BF870207265E8B0100D58BE3 /* DeveloperTableViewCell.swift */,
				BF870208265E8B0100D58BE3 /* DeveloperTableViewCell.xib */,
			);
			path = About;
			sourceTree = "<group>";
		};
		BF53C9552662FBDB0048ECBB /* Timeline */ = {
			isa = PBXGroup;
			children = (
				BF31B0DE265FE2A200579AF5 /* YearCollectionViewCell.swift */,
			);
			path = Timeline;
			sourceTree = "<group>";
		};
		BF53C9562662FBEB0048ECBB /* Custom */ = {
			isa = PBXGroup;
			children = (
				BF7E860C265BC9920078B5C6 /* SkipButton.swift */,
			);
			path = Custom;
			sourceTree = "<group>";
		};
		BF5541EF264C10D400F978A8 = {
			isa = PBXGroup;
			children = (
				BF7E85FF265B11E60078B5C6 /* Coordinator */,
				BF3FB7EB2659589200A790E1 /* Fonts */,
				BF3FB7B92654A69B00A790E1 /* App Delegates */,
				BF5541FA264C10D400F978A8 /* camp-diversidade */,
				BF5541F9264C10D400F978A8 /* Products */,
				BDFB83A9A982A6239AA6CD61 /* Pods */,
				76416EBD705D3004AEA88D0B /* Frameworks */,
			);
			sourceTree = "<group>";
		};
		BF5541F9264C10D400F978A8 /* Products */ = {
			isa = PBXGroup;
			children = (
				BF5541F8264C10D400F978A8 /* camp-diversidade.app */,
			);
			name = Products;
			sourceTree = "<group>";
		};
		BF5541FA264C10D400F978A8 /* camp-diversidade */ = {
			isa = PBXGroup;
			children = (
				BF3FB7CB2655EACB00A790E1 /* Services */,
				BF3FB7B82654A67F00A790E1 /* Models */,
				BF3FB7B72654A67600A790E1 /* Supporting Files */,
				BF3FB7B62654A66E00A790E1 /* Views */,
				BF3FB7B52654A66000A790E1 /* Presenters */,
			);
			path = "camp-diversidade";
			sourceTree = "<group>";
		};
		BF7E85FF265B11E60078B5C6 /* Coordinator */ = {
			isa = PBXGroup;
			children = (
				BF7E8600265B11F50078B5C6 /* AppCoordinator.swift */,
				BF7E8603265B11FE0078B5C6 /* Coordinator.swift */,
			);
			path = Coordinator;
			sourceTree = "<group>";
		};
/* End PBXGroup section */

/* Begin PBXNativeTarget section */
		BF5541F7264C10D400F978A8 /* camp-diversidade */ = {
			isa = PBXNativeTarget;
			buildConfigurationList = BF55420C264C10D800F978A8 /* Build configuration list for PBXNativeTarget "camp-diversidade" */;
			buildPhases = (
				E3F9319CB157E1C0E1E93FB4 /* [CP] Check Pods Manifest.lock */,
				BF5541F4264C10D400F978A8 /* Sources */,
				BF5541F5264C10D400F978A8 /* Frameworks */,
				BF5541F6264C10D400F978A8 /* Resources */,
				E7CFFDF31D466AE171F3649B /* [CP] Embed Pods Frameworks */,
			);
			buildRules = (
			);
			dependencies = (
			);
			name = "camp-diversidade";
			productName = "camp-diversidade";
			productReference = BF5541F8264C10D400F978A8 /* camp-diversidade.app */;
			productType = "com.apple.product-type.application";
		};
/* End PBXNativeTarget section */

/* Begin PBXProject section */
		BF5541F0264C10D400F978A8 /* Project object */ = {
			isa = PBXProject;
			attributes = {
				LastSwiftUpdateCheck = 1240;
				LastUpgradeCheck = 1240;
				TargetAttributes = {
					BF5541F7264C10D400F978A8 = {
						CreatedOnToolsVersion = 12.4;
					};
				};
			};
			buildConfigurationList = BF5541F3264C10D400F978A8 /* Build configuration list for PBXProject "camp-diversidade" */;
			compatibilityVersion = "Xcode 9.3";
			developmentRegion = en;
			hasScannedForEncodings = 0;
			knownRegions = (
				en,
				Base,
			);
			mainGroup = BF5541EF264C10D400F978A8;
			productRefGroup = BF5541F9264C10D400F978A8 /* Products */;
			projectDirPath = "";
			projectRoot = "";
			targets = (
				BF5541F7264C10D400F978A8 /* camp-diversidade */,
			);
		};
/* End PBXProject section */

/* Begin PBXResourcesBuildPhase section */
		BF5541F6264C10D400F978A8 /* Resources */ = {
			isa = PBXResourcesBuildPhase;
			buildActionMask = 2147483647;
			files = (
				BF554208264C10D800F978A8 /* LaunchScreen.storyboard in Resources */,
				BF3FB7C22655B11900A790E1 /* QuizzItemCollectionViewCell.xib in Resources */,
				BF3FB7D82656961C00A790E1 /* QuizzQuestionHeaderCollectionReusableView.xib in Resources */,
				BF87020A265E8B0100D58BE3 /* DeveloperTableViewCell.xib in Resources */,
				BF870205265E8AF500D58BE3 /* ProjectTableViewCell.xib in Resources */,
				BF7E861E265C1CC00078B5C6 /* RecommendationTableViewCell.xib in Resources */,
				BF8995C7265D7C0500A0FA34 /* Assets.xcassets in Resources */,
				BF3FB7FB265983CE00A790E1 /* FugazOne-Regular.ttf in Resources */,
				BF554203264C10D400F978A8 /* Main.storyboard in Resources */,
			);
			runOnlyForDeploymentPostprocessing = 0;
		};
/* End PBXResourcesBuildPhase section */

/* Begin PBXShellScriptBuildPhase section */
		E3F9319CB157E1C0E1E93FB4 /* [CP] Check Pods Manifest.lock */ = {
			isa = PBXShellScriptBuildPhase;
			buildActionMask = 2147483647;
			files = (
			);
			inputFileListPaths = (
			);
			inputPaths = (
				"${PODS_PODFILE_DIR_PATH}/Podfile.lock",
				"${PODS_ROOT}/Manifest.lock",
			);
			name = "[CP] Check Pods Manifest.lock";
			outputFileListPaths = (
			);
			outputPaths = (
				"$(DERIVED_FILE_DIR)/Pods-camp-diversidade-checkManifestLockResult.txt",
			);
			runOnlyForDeploymentPostprocessing = 0;
			shellPath = /bin/sh;
			shellScript = "diff \"${PODS_PODFILE_DIR_PATH}/Podfile.lock\" \"${PODS_ROOT}/Manifest.lock\" > /dev/null\nif [ $? != 0 ] ; then\n    # print error to STDERR\n    echo \"error: The sandbox is not in sync with the Podfile.lock. Run 'pod install' or update your CocoaPods installation.\" >&2\n    exit 1\nfi\n# This output is used by Xcode 'outputs' to avoid re-running this script phase.\necho \"SUCCESS\" > \"${SCRIPT_OUTPUT_FILE_0}\"\n";
			showEnvVarsInLog = 0;
		};
		E7CFFDF31D466AE171F3649B /* [CP] Embed Pods Frameworks */ = {
			isa = PBXShellScriptBuildPhase;
			buildActionMask = 2147483647;
			files = (
			);
			inputFileListPaths = (
				"${PODS_ROOT}/Target Support Files/Pods-camp-diversidade/Pods-camp-diversidade-frameworks-${CONFIGURATION}-input-files.xcfilelist",
			);
			name = "[CP] Embed Pods Frameworks";
			outputFileListPaths = (
				"${PODS_ROOT}/Target Support Files/Pods-camp-diversidade/Pods-camp-diversidade-frameworks-${CONFIGURATION}-output-files.xcfilelist",
			);
			runOnlyForDeploymentPostprocessing = 0;
			shellPath = /bin/sh;
			shellScript = "\"${PODS_ROOT}/Target Support Files/Pods-camp-diversidade/Pods-camp-diversidade-frameworks.sh\"\n";
			showEnvVarsInLog = 0;
		};
/* End PBXShellScriptBuildPhase section */

/* Begin PBXSourcesBuildPhase section */
		BF5541F4264C10D400F978A8 /* Sources */ = {
			isa = PBXSourcesBuildPhase;
			buildActionMask = 2147483647;
			files = (
				BF870209265E8B0100D58BE3 /* DeveloperTableViewCell.swift in Sources */,
				BF870216265E9EB300D58BE3 /* AboutCategories.swift in Sources */,
				BF8995F6265DAD9600A0FA34 /* RecommendationCategories.swift in Sources */,
				BF7E8621265C3C810078B5C6 /* Recommendation.swift in Sources */,
				BF31B0F82660214000579AF5 /* QuizzFeatures.swift in Sources */,
				BF7E8613265BE5CA0078B5C6 /* TabBarViewController.swift in Sources */,
				BF31B0D6265FDDBD00579AF5 /* TimelineViewController.swift in Sources */,
				BF53C94A2662753C0048ECBB /* Cabeleira.swift in Sources */,
				BF31B0E626600C2F00579AF5 /* Results.swift in Sources */,
				BF7E8601265B11F50078B5C6 /* AppCoordinator.swift in Sources */,
				BF8995D5265D851A00A0FA34 /* Networking.swift in Sources */,
				BF554200264C10D400F978A8 /* QuizzViewController.swift in Sources */,
				BFBE8841265C9A9F002EAB03 /* RecommendationPresenter.swift in Sources */,
				BF870210265E9B8B00D58BE3 /* Developer.swift in Sources */,
				BF8995FF265DC1AE00A0FA34 /* ProductsMetada.swift in Sources */,
				BF8995F3265DA98D00A0FA34 /* TipsMetadata.swift in Sources */,
				BF870228265EFF9600D58BE3 /* FilterCollectionViewCell.swift in Sources */,
				BF31B1092660545F00579AF5 /* UserPreferenceSetter.swift in Sources */,
				BF8995E7265D944B00A0FA34 /* ResultsViewController.swift in Sources */,
				BF31B10E266064FE00579AF5 /* Timelines.swift in Sources */,
				BF3FB7D12655EB0500A790E1 /* Quizz.swift in Sources */,
				BF5541FC264C10D400F978A8 /* AppDelegate.swift in Sources */,
				BF5541FE264C10D400F978A8 /* SceneDelegate.swift in Sources */,
				BF8995F0265DA94200A0FA34 /* Tips.swift in Sources */,
				BF87020D265E952100D58BE3 /* Filter.swift in Sources */,
				BF31B0D9265FDDE000579AF5 /* TimelinePresenter.swift in Sources */,
				BF31B0E926600C7100579AF5 /* Result.swift in Sources */,
				BF87021D265EC06D00D58BE3 /* TipsCategories.swift in Sources */,
				BF3FB7F32659663C00A790E1 /* OnboardingWelcomeView.swift in Sources */,
				BF7E8624265C3CFC0078B5C6 /* RecommendationLibrary.swift in Sources */,
				BF31B1122660650D00579AF5 /* TimelineMetadata.swift in Sources */,
				BF7E860D265BC9920078B5C6 /* SkipButton.swift in Sources */,
				BF31B0F52660212B00579AF5 /* QuizzChemistry.swift in Sources */,
				BFBE8844265D2B93002EAB03 /* ButtonViewShadow.swift in Sources */,
				BF31B0F1266020A100579AF5 /* QuizzType.swift in Sources */,
				BF8995DB265D856900A0FA34 /* Endpoint.swift in Sources */,
				BF870221265ED34900D58BE3 /* ProductCategories.swift in Sources */,
				BF31B0E0265FE2A200579AF5 /* YearCollectionViewCell.swift in Sources */,
				BF31B0FB2660214A00579AF5 /* QuizzProducts.swift in Sources */,
				BF8995F9265DC16800A0FA34 /* Product.swift in Sources */,
				BF7E8619265C15580078B5C6 /* TabBarPresenter.swift in Sources */,
				BF870213265E9C1100D58BE3 /* DeveloperLibrary.swift in Sources */,
				BF3FB7C82655E90B00A790E1 /* QuizzPresenter.swift in Sources */,
				BF870204265E8AF400D58BE3 /* ProjectTableViewCell.swift in Sources */,
				BF870200265E88AD00D58BE3 /* AboutViewController.swift in Sources */,
				BF8995EA265D945D00A0FA34 /* ResultsPresenter.swift in Sources */,
				BF7E860A265BC50F0078B5C6 /* OnboardingPresenter.swift in Sources */,
				BF3FB7C12655B11900A790E1 /* QuizzItemCollectionViewCell.swift in Sources */,
				BF8995CB265D80EB00A0FA34 /* Categories.swift in Sources */,
				BF7E8604265B11FE0078B5C6 /* Coordinator.swift in Sources */,
				BF31B1152660651300579AF5 /* Timeline.swift in Sources */,
				BF8995DE265D892800A0FA34 /* UserPreferences.swift in Sources */,
				BF3FB7F626596D2700A790E1 /* OnboardingViewController.swift in Sources */,
				BF31B0FE2660215300579AF5 /* QuizzObjectives.swift in Sources */,
				BF8995D8265D855400A0FA34 /* Paths.swift in Sources */,
				BF7E8610265BE3080078B5C6 /* RecommendationViewController.swift in Sources */,
				BF8995FC265DC1A000A0FA34 /* Products.swift in Sources */,
				BF8995ED265DA82900A0FA34 /* Tip.swift in Sources */,
				BF3FB7CD2655EAF100A790E1 /* QuizzLibrary.swift in Sources */,
				BF3FB7D72656961C00A790E1 /* QuizzQuestionHeaderCollectionReusableView.swift in Sources */,
				BF7E861D265C1CC00078B5C6 /* RecommendationTableViewCell.swift in Sources */,
				BF7E8632265C8EB70078B5C6 /* ProductDetailsViewController.swift in Sources */,
			);
			runOnlyForDeploymentPostprocessing = 0;
		};
/* End PBXSourcesBuildPhase section */

/* Begin PBXVariantGroup section */
		BF554201264C10D400F978A8 /* Main.storyboard */ = {
			isa = PBXVariantGroup;
			children = (
				BF554202264C10D400F978A8 /* Base */,
			);
			name = Main.storyboard;
			sourceTree = "<group>";
		};
		BF554206264C10D800F978A8 /* LaunchScreen.storyboard */ = {
			isa = PBXVariantGroup;
			children = (
				BF554207264C10D800F978A8 /* Base */,
			);
			name = LaunchScreen.storyboard;
			sourceTree = "<group>";
		};
/* End PBXVariantGroup section */

/* Begin XCBuildConfiguration section */
		BF55420A264C10D800F978A8 /* Debug */ = {
			isa = XCBuildConfiguration;
			buildSettings = {
				ALWAYS_SEARCH_USER_PATHS = NO;
				CLANG_ANALYZER_NONNULL = YES;
				CLANG_ANALYZER_NUMBER_OBJECT_CONVERSION = YES_AGGRESSIVE;
				CLANG_CXX_LANGUAGE_STANDARD = "gnu++14";
				CLANG_CXX_LIBRARY = "libc++";
				CLANG_ENABLE_MODULES = YES;
				CLANG_ENABLE_OBJC_ARC = YES;
				CLANG_ENABLE_OBJC_WEAK = YES;
				CLANG_WARN_BLOCK_CAPTURE_AUTORELEASING = YES;
				CLANG_WARN_BOOL_CONVERSION = YES;
				CLANG_WARN_COMMA = YES;
				CLANG_WARN_CONSTANT_CONVERSION = YES;
				CLANG_WARN_DEPRECATED_OBJC_IMPLEMENTATIONS = YES;
				CLANG_WARN_DIRECT_OBJC_ISA_USAGE = YES_ERROR;
				CLANG_WARN_DOCUMENTATION_COMMENTS = YES;
				CLANG_WARN_EMPTY_BODY = YES;
				CLANG_WARN_ENUM_CONVERSION = YES;
				CLANG_WARN_INFINITE_RECURSION = YES;
				CLANG_WARN_INT_CONVERSION = YES;
				CLANG_WARN_NON_LITERAL_NULL_CONVERSION = YES;
				CLANG_WARN_OBJC_IMPLICIT_RETAIN_SELF = YES;
				CLANG_WARN_OBJC_LITERAL_CONVERSION = YES;
				CLANG_WARN_OBJC_ROOT_CLASS = YES_ERROR;
				CLANG_WARN_QUOTED_INCLUDE_IN_FRAMEWORK_HEADER = YES;
				CLANG_WARN_RANGE_LOOP_ANALYSIS = YES;
				CLANG_WARN_STRICT_PROTOTYPES = YES;
				CLANG_WARN_SUSPICIOUS_MOVE = YES;
				CLANG_WARN_UNGUARDED_AVAILABILITY = YES_AGGRESSIVE;
				CLANG_WARN_UNREACHABLE_CODE = YES;
				CLANG_WARN__DUPLICATE_METHOD_MATCH = YES;
				COPY_PHASE_STRIP = NO;
				DEBUG_INFORMATION_FORMAT = dwarf;
				ENABLE_STRICT_OBJC_MSGSEND = YES;
				ENABLE_TESTABILITY = YES;
				GCC_C_LANGUAGE_STANDARD = gnu11;
				GCC_DYNAMIC_NO_PIC = NO;
				GCC_NO_COMMON_BLOCKS = YES;
				GCC_OPTIMIZATION_LEVEL = 0;
				GCC_PREPROCESSOR_DEFINITIONS = (
					"DEBUG=1",
					"$(inherited)",
				);
				GCC_WARN_64_TO_32_BIT_CONVERSION = YES;
				GCC_WARN_ABOUT_RETURN_TYPE = YES_ERROR;
				GCC_WARN_UNDECLARED_SELECTOR = YES;
				GCC_WARN_UNINITIALIZED_AUTOS = YES_AGGRESSIVE;
				GCC_WARN_UNUSED_FUNCTION = YES;
				GCC_WARN_UNUSED_VARIABLE = YES;
				IPHONEOS_DEPLOYMENT_TARGET = 14.4;
				MTL_ENABLE_DEBUG_INFO = INCLUDE_SOURCE;
				MTL_FAST_MATH = YES;
				ONLY_ACTIVE_ARCH = YES;
				SDKROOT = iphoneos;
				SWIFT_ACTIVE_COMPILATION_CONDITIONS = DEBUG;
				SWIFT_OPTIMIZATION_LEVEL = "-Onone";
			};
			name = Debug;
		};
		BF55420B264C10D800F978A8 /* Release */ = {
			isa = XCBuildConfiguration;
			buildSettings = {
				ALWAYS_SEARCH_USER_PATHS = NO;
				CLANG_ANALYZER_NONNULL = YES;
				CLANG_ANALYZER_NUMBER_OBJECT_CONVERSION = YES_AGGRESSIVE;
				CLANG_CXX_LANGUAGE_STANDARD = "gnu++14";
				CLANG_CXX_LIBRARY = "libc++";
				CLANG_ENABLE_MODULES = YES;
				CLANG_ENABLE_OBJC_ARC = YES;
				CLANG_ENABLE_OBJC_WEAK = YES;
				CLANG_WARN_BLOCK_CAPTURE_AUTORELEASING = YES;
				CLANG_WARN_BOOL_CONVERSION = YES;
				CLANG_WARN_COMMA = YES;
				CLANG_WARN_CONSTANT_CONVERSION = YES;
				CLANG_WARN_DEPRECATED_OBJC_IMPLEMENTATIONS = YES;
				CLANG_WARN_DIRECT_OBJC_ISA_USAGE = YES_ERROR;
				CLANG_WARN_DOCUMENTATION_COMMENTS = YES;
				CLANG_WARN_EMPTY_BODY = YES;
				CLANG_WARN_ENUM_CONVERSION = YES;
				CLANG_WARN_INFINITE_RECURSION = YES;
				CLANG_WARN_INT_CONVERSION = YES;
				CLANG_WARN_NON_LITERAL_NULL_CONVERSION = YES;
				CLANG_WARN_OBJC_IMPLICIT_RETAIN_SELF = YES;
				CLANG_WARN_OBJC_LITERAL_CONVERSION = YES;
				CLANG_WARN_OBJC_ROOT_CLASS = YES_ERROR;
				CLANG_WARN_QUOTED_INCLUDE_IN_FRAMEWORK_HEADER = YES;
				CLANG_WARN_RANGE_LOOP_ANALYSIS = YES;
				CLANG_WARN_STRICT_PROTOTYPES = YES;
				CLANG_WARN_SUSPICIOUS_MOVE = YES;
				CLANG_WARN_UNGUARDED_AVAILABILITY = YES_AGGRESSIVE;
				CLANG_WARN_UNREACHABLE_CODE = YES;
				CLANG_WARN__DUPLICATE_METHOD_MATCH = YES;
				COPY_PHASE_STRIP = NO;
				DEBUG_INFORMATION_FORMAT = "dwarf-with-dsym";
				ENABLE_NS_ASSERTIONS = NO;
				ENABLE_STRICT_OBJC_MSGSEND = YES;
				GCC_C_LANGUAGE_STANDARD = gnu11;
				GCC_NO_COMMON_BLOCKS = YES;
				GCC_WARN_64_TO_32_BIT_CONVERSION = YES;
				GCC_WARN_ABOUT_RETURN_TYPE = YES_ERROR;
				GCC_WARN_UNDECLARED_SELECTOR = YES;
				GCC_WARN_UNINITIALIZED_AUTOS = YES_AGGRESSIVE;
				GCC_WARN_UNUSED_FUNCTION = YES;
				GCC_WARN_UNUSED_VARIABLE = YES;
				IPHONEOS_DEPLOYMENT_TARGET = 14.4;
				MTL_ENABLE_DEBUG_INFO = NO;
				MTL_FAST_MATH = YES;
				SDKROOT = iphoneos;
				SWIFT_COMPILATION_MODE = wholemodule;
				SWIFT_OPTIMIZATION_LEVEL = "-O";
				VALIDATE_PRODUCT = YES;
			};
			name = Release;
		};
		BF55420D264C10D800F978A8 /* Debug */ = {
			isa = XCBuildConfiguration;
			baseConfigurationReference = 294C8A2058445745B7C7F21B /* Pods-camp-diversidade.debug.xcconfig */;
			buildSettings = {
				ASSETCATALOG_COMPILER_APPICON_NAME = AppIcon;
				ASSETCATALOG_COMPILER_GLOBAL_ACCENT_COLOR_NAME = AccentColor;
				CODE_SIGN_STYLE = Automatic;
				DEVELOPMENT_TEAM = 3CV7BCTMKP;
				INFOPLIST_FILE = "camp-diversidade/Supporting Files/Info.plist";
				LD_RUNPATH_SEARCH_PATHS = (
					"$(inherited)",
					"@executable_path/Frameworks",
				);
				PRODUCT_BUNDLE_IDENTIFIER = "henriquebarbosa.camp-diversidade";
				PRODUCT_NAME = "$(TARGET_NAME)";
				SWIFT_VERSION = 5.0;
				TARGETED_DEVICE_FAMILY = "1,2";
			};
			name = Debug;
		};
		BF55420E264C10D800F978A8 /* Release */ = {
			isa = XCBuildConfiguration;
			baseConfigurationReference = D3DE46E2363D8D5477DBDEE0 /* Pods-camp-diversidade.release.xcconfig */;
			buildSettings = {
				ASSETCATALOG_COMPILER_APPICON_NAME = AppIcon;
				ASSETCATALOG_COMPILER_GLOBAL_ACCENT_COLOR_NAME = AccentColor;
				CODE_SIGN_STYLE = Automatic;
				DEVELOPMENT_TEAM = 3CV7BCTMKP;
				INFOPLIST_FILE = "camp-diversidade/Supporting Files/Info.plist";
				LD_RUNPATH_SEARCH_PATHS = (
					"$(inherited)",
					"@executable_path/Frameworks",
				);
				PRODUCT_BUNDLE_IDENTIFIER = "henriquebarbosa.camp-diversidade";
				PRODUCT_NAME = "$(TARGET_NAME)";
				SWIFT_VERSION = 5.0;
				TARGETED_DEVICE_FAMILY = "1,2";
			};
			name = Release;
		};
/* End XCBuildConfiguration section */

/* Begin XCConfigurationList section */
		BF5541F3264C10D400F978A8 /* Build configuration list for PBXProject "camp-diversidade" */ = {
			isa = XCConfigurationList;
			buildConfigurations = (
				BF55420A264C10D800F978A8 /* Debug */,
				BF55420B264C10D800F978A8 /* Release */,
			);
			defaultConfigurationIsVisible = 0;
			defaultConfigurationName = Release;
		};
		BF55420C264C10D800F978A8 /* Build configuration list for PBXNativeTarget "camp-diversidade" */ = {
			isa = XCConfigurationList;
			buildConfigurations = (
				BF55420D264C10D800F978A8 /* Debug */,
				BF55420E264C10D800F978A8 /* Release */,
			);
			defaultConfigurationIsVisible = 0;
			defaultConfigurationName = Release;
		};
/* End XCConfigurationList section */
	};
	rootObject = BF5541F0264C10D400F978A8 /* Project object */;
}
