// !$*UTF8*$!
{
	archiveVersion = 1;
	classes = {
	};
	objectVersion = 50;
	objects = {

/* Begin PBXBuildFile section */
		BF3FB7C12655B11900A790E1 /* QuizzItemCollectionViewCell.swift in Sources */ = {isa = PBXBuildFile; fileRef = BF3FB7BF2655B11900A790E1 /* QuizzItemCollectionViewCell.swift */; };
		BF3FB7C22655B11900A790E1 /* QuizzItemCollectionViewCell.xib in Resources */ = {isa = PBXBuildFile; fileRef = BF3FB7C02655B11900A790E1 /* QuizzItemCollectionViewCell.xib */; };
		BF3FB7C82655E90B00A790E1 /* QuizzPresenter.swift in Sources */ = {isa = PBXBuildFile; fileRef = BF3FB7C72655E90B00A790E1 /* QuizzPresenter.swift */; };
		BF3FB7CD2655EAF100A790E1 /* QuizzLibrary.swift in Sources */ = {isa = PBXBuildFile; fileRef = BF3FB7CC2655EAF100A790E1 /* QuizzLibrary.swift */; };
		BF3FB7D12655EB0500A790E1 /* Quizz.swift in Sources */ = {isa = PBXBuildFile; fileRef = BF3FB7D02655EB0500A790E1 /* Quizz.swift */; };
		BF3FB7D72656961C00A790E1 /* QuizzQuestionHeaderCollectionReusableView.swift in Sources */ = {isa = PBXBuildFile; fileRef = BF3FB7D52656961C00A790E1 /* QuizzQuestionHeaderCollectionReusableView.swift */; };
		BF3FB7D82656961C00A790E1 /* QuizzQuestionHeaderCollectionReusableView.xib in Resources */ = {isa = PBXBuildFile; fileRef = BF3FB7D62656961C00A790E1 /* QuizzQuestionHeaderCollectionReusableView.xib */; };
		BF3FB7F32659663C00A790E1 /* OnboardingWelcomeView.swift in Sources */ = {isa = PBXBuildFile; fileRef = BF3FB7F22659663C00A790E1 /* OnboardingWelcomeView.swift */; };
		BF3FB7F626596D2700A790E1 /* OnboardingViewController.swift in Sources */ = {isa = PBXBuildFile; fileRef = BF3FB7F526596D2700A790E1 /* OnboardingViewController.swift */; };
		BF3FB7FB265983CE00A790E1 /* FugazOne-Regular.ttf in Resources */ = {isa = PBXBuildFile; fileRef = BF3FB7F8265983B200A790E1 /* FugazOne-Regular.ttf */; };
		BF5541FC264C10D400F978A8 /* AppDelegate.swift in Sources */ = {isa = PBXBuildFile; fileRef = BF5541FB264C10D400F978A8 /* AppDelegate.swift */; };
		BF5541FE264C10D400F978A8 /* SceneDelegate.swift in Sources */ = {isa = PBXBuildFile; fileRef = BF5541FD264C10D400F978A8 /* SceneDelegate.swift */; };
		BF554200264C10D400F978A8 /* QuizzViewController.swift in Sources */ = {isa = PBXBuildFile; fileRef = BF5541FF264C10D400F978A8 /* QuizzViewController.swift */; };
		BF554203264C10D400F978A8 /* Main.storyboard in Resources */ = {isa = PBXBuildFile; fileRef = BF554201264C10D400F978A8 /* Main.storyboard */; };
		BF554208264C10D800F978A8 /* LaunchScreen.storyboard in Resources */ = {isa = PBXBuildFile; fileRef = BF554206264C10D800F978A8 /* LaunchScreen.storyboard */; };
		BF7E8601265B11F50078B5C6 /* AppCoordinator.swift in Sources */ = {isa = PBXBuildFile; fileRef = BF7E8600265B11F50078B5C6 /* AppCoordinator.swift */; };
		BF7E8604265B11FE0078B5C6 /* Coordinator.swift in Sources */ = {isa = PBXBuildFile; fileRef = BF7E8603265B11FE0078B5C6 /* Coordinator.swift */; };
		BF7E860A265BC50F0078B5C6 /* OnboardingPresenter.swift in Sources */ = {isa = PBXBuildFile; fileRef = BF7E8609265BC50F0078B5C6 /* OnboardingPresenter.swift */; };
		BF7E860D265BC9920078B5C6 /* SkipButton.swift in Sources */ = {isa = PBXBuildFile; fileRef = BF7E860C265BC9920078B5C6 /* SkipButton.swift */; };
		BF7E8610265BE3080078B5C6 /* RecommendationViewController.swift in Sources */ = {isa = PBXBuildFile; fileRef = BF7E860F265BE3080078B5C6 /* RecommendationViewController.swift */; };
		BF7E8613265BE5CA0078B5C6 /* TabBarViewController.swift in Sources */ = {isa = PBXBuildFile; fileRef = BF7E8612265BE5CA0078B5C6 /* TabBarViewController.swift */; };
		BF7E8619265C15580078B5C6 /* TabBarPresenter.swift in Sources */ = {isa = PBXBuildFile; fileRef = BF7E8618265C15580078B5C6 /* TabBarPresenter.swift */; };
		BF7E861D265C1CC00078B5C6 /* RecommendationTableViewCell.swift in Sources */ = {isa = PBXBuildFile; fileRef = BF7E861B265C1CC00078B5C6 /* RecommendationTableViewCell.swift */; };
		BF7E861E265C1CC00078B5C6 /* RecommendationTableViewCell.xib in Resources */ = {isa = PBXBuildFile; fileRef = BF7E861C265C1CC00078B5C6 /* RecommendationTableViewCell.xib */; };
		BF7E8621265C3C810078B5C6 /* Recommendation.swift in Sources */ = {isa = PBXBuildFile; fileRef = BF7E8620265C3C810078B5C6 /* Recommendation.swift */; };
		BF7E8624265C3CFC0078B5C6 /* RecommendationLibrary.swift in Sources */ = {isa = PBXBuildFile; fileRef = BF7E8623265C3CFC0078B5C6 /* RecommendationLibrary.swift */; };
		BF7E8632265C8EB70078B5C6 /* ProductDetailsViewController.swift in Sources */ = {isa = PBXBuildFile; fileRef = BF7E8631265C8EB70078B5C6 /* ProductDetailsViewController.swift */; };
		BF8995C7265D7C0500A0FA34 /* Assets.xcassets in Resources */ = {isa = PBXBuildFile; fileRef = BF554204264C10D800F978A8 /* Assets.xcassets */; };
		BF8995CB265D80EB00A0FA34 /* Categories.swift in Sources */ = {isa = PBXBuildFile; fileRef = BF8995CA265D80EB00A0FA34 /* Categories.swift */; };
		BF8995D5265D851A00A0FA34 /* Networking.swift in Sources */ = {isa = PBXBuildFile; fileRef = BF8995D4265D851A00A0FA34 /* Networking.swift */; };
		BF8995D8265D855400A0FA34 /* Paths.swift in Sources */ = {isa = PBXBuildFile; fileRef = BF8995D7265D855400A0FA34 /* Paths.swift */; };
		BF8995DB265D856900A0FA34 /* Endpoint.swift in Sources */ = {isa = PBXBuildFile; fileRef = BF8995DA265D856900A0FA34 /* Endpoint.swift */; };
		BF8995DE265D892800A0FA34 /* UserPreferences.swift in Sources */ = {isa = PBXBuildFile; fileRef = BF8995DD265D892800A0FA34 /* UserPreferences.swift */; };
		BF8995E1265D8AD600A0FA34 /* UserID.swift in Sources */ = {isa = PBXBuildFile; fileRef = BF8995E0265D8AD600A0FA34 /* UserID.swift */; };
		BF8995E4265D8C8C00A0FA34 /* QuizzAnswers.swift in Sources */ = {isa = PBXBuildFile; fileRef = BF8995E3265D8C8C00A0FA34 /* QuizzAnswers.swift */; };
		BF8995E7265D944B00A0FA34 /* ResultsViewController.swift in Sources */ = {isa = PBXBuildFile; fileRef = BF8995E6265D944B00A0FA34 /* ResultsViewController.swift */; };
		BF8995EA265D945D00A0FA34 /* ResultsPresenter.swift in Sources */ = {isa = PBXBuildFile; fileRef = BF8995E9265D945D00A0FA34 /* ResultsPresenter.swift */; };
		BF8995ED265DA82900A0FA34 /* Tip.swift in Sources */ = {isa = PBXBuildFile; fileRef = BF8995EC265DA82900A0FA34 /* Tip.swift */; };
		BF8995F0265DA94200A0FA34 /* Tips.swift in Sources */ = {isa = PBXBuildFile; fileRef = BF8995EF265DA94200A0FA34 /* Tips.swift */; };
		BF8995F3265DA98D00A0FA34 /* TipsMetadata.swift in Sources */ = {isa = PBXBuildFile; fileRef = BF8995F2265DA98D00A0FA34 /* TipsMetadata.swift */; };
		BF8995F6265DAD9600A0FA34 /* ProductCategories.swift in Sources */ = {isa = PBXBuildFile; fileRef = BF8995F5265DAD9600A0FA34 /* ProductCategories.swift */; };
		BFBE8841265C9A9F002EAB03 /* RecommendationPresenter.swift in Sources */ = {isa = PBXBuildFile; fileRef = BFBE8840265C9A9F002EAB03 /* RecommendationPresenter.swift */; };
		BFBE8844265D2B93002EAB03 /* ButtonViewShadow.swift in Sources */ = {isa = PBXBuildFile; fileRef = BFBE8843265D2B93002EAB03 /* ButtonViewShadow.swift */; };
		BFBE8849265D5601002EAB03 /* CategoriesScrollView.swift in Sources */ = {isa = PBXBuildFile; fileRef = BFBE8848265D5601002EAB03 /* CategoriesScrollView.swift */; };
/* End PBXBuildFile section */

/* Begin PBXFileReference section */
		BF3FB7BF2655B11900A790E1 /* QuizzItemCollectionViewCell.swift */ = {isa = PBXFileReference; lastKnownFileType = sourcecode.swift; path = QuizzItemCollectionViewCell.swift; sourceTree = "<group>"; };
		BF3FB7C02655B11900A790E1 /* QuizzItemCollectionViewCell.xib */ = {isa = PBXFileReference; lastKnownFileType = file.xib; path = QuizzItemCollectionViewCell.xib; sourceTree = "<group>"; };
		BF3FB7C72655E90B00A790E1 /* QuizzPresenter.swift */ = {isa = PBXFileReference; lastKnownFileType = sourcecode.swift; path = QuizzPresenter.swift; sourceTree = "<group>"; };
		BF3FB7CC2655EAF100A790E1 /* QuizzLibrary.swift */ = {isa = PBXFileReference; lastKnownFileType = sourcecode.swift; path = QuizzLibrary.swift; sourceTree = "<group>"; };
		BF3FB7D02655EB0500A790E1 /* Quizz.swift */ = {isa = PBXFileReference; lastKnownFileType = sourcecode.swift; path = Quizz.swift; sourceTree = "<group>"; };
		BF3FB7D52656961C00A790E1 /* QuizzQuestionHeaderCollectionReusableView.swift */ = {isa = PBXFileReference; lastKnownFileType = sourcecode.swift; path = QuizzQuestionHeaderCollectionReusableView.swift; sourceTree = "<group>"; };
		BF3FB7D62656961C00A790E1 /* QuizzQuestionHeaderCollectionReusableView.xib */ = {isa = PBXFileReference; lastKnownFileType = file.xib; path = QuizzQuestionHeaderCollectionReusableView.xib; sourceTree = "<group>"; };
		BF3FB7F22659663C00A790E1 /* OnboardingWelcomeView.swift */ = {isa = PBXFileReference; lastKnownFileType = sourcecode.swift; path = OnboardingWelcomeView.swift; sourceTree = "<group>"; };
		BF3FB7F526596D2700A790E1 /* OnboardingViewController.swift */ = {isa = PBXFileReference; lastKnownFileType = sourcecode.swift; path = OnboardingViewController.swift; sourceTree = "<group>"; };
		BF3FB7F8265983B200A790E1 /* FugazOne-Regular.ttf */ = {isa = PBXFileReference; lastKnownFileType = file; path = "FugazOne-Regular.ttf"; sourceTree = "<group>"; };
		BF5541F8264C10D400F978A8 /* camp-diversidade.app */ = {isa = PBXFileReference; explicitFileType = wrapper.application; includeInIndex = 0; path = "camp-diversidade.app"; sourceTree = BUILT_PRODUCTS_DIR; };
		BF5541FB264C10D400F978A8 /* AppDelegate.swift */ = {isa = PBXFileReference; lastKnownFileType = sourcecode.swift; path = AppDelegate.swift; sourceTree = "<group>"; };
		BF5541FD264C10D400F978A8 /* SceneDelegate.swift */ = {isa = PBXFileReference; lastKnownFileType = sourcecode.swift; path = SceneDelegate.swift; sourceTree = "<group>"; };
		BF5541FF264C10D400F978A8 /* QuizzViewController.swift */ = {isa = PBXFileReference; lastKnownFileType = sourcecode.swift; path = QuizzViewController.swift; sourceTree = "<group>"; };
		BF554202264C10D400F978A8 /* Base */ = {isa = PBXFileReference; lastKnownFileType = file.storyboard; name = Base; path = Base.lproj/Main.storyboard; sourceTree = "<group>"; };
		BF554204264C10D800F978A8 /* Assets.xcassets */ = {isa = PBXFileReference; lastKnownFileType = folder.assetcatalog; path = Assets.xcassets; sourceTree = "<group>"; };
		BF554207264C10D800F978A8 /* Base */ = {isa = PBXFileReference; lastKnownFileType = file.storyboard; name = Base; path = Base.lproj/LaunchScreen.storyboard; sourceTree = "<group>"; };
		BF554209264C10D800F978A8 /* Info.plist */ = {isa = PBXFileReference; lastKnownFileType = text.plist.xml; path = Info.plist; sourceTree = "<group>"; };
		BF7E8600265B11F50078B5C6 /* AppCoordinator.swift */ = {isa = PBXFileReference; lastKnownFileType = sourcecode.swift; path = AppCoordinator.swift; sourceTree = "<group>"; };
		BF7E8603265B11FE0078B5C6 /* Coordinator.swift */ = {isa = PBXFileReference; lastKnownFileType = sourcecode.swift; path = Coordinator.swift; sourceTree = "<group>"; };
		BF7E8609265BC50F0078B5C6 /* OnboardingPresenter.swift */ = {isa = PBXFileReference; lastKnownFileType = sourcecode.swift; path = OnboardingPresenter.swift; sourceTree = "<group>"; };
		BF7E860C265BC9920078B5C6 /* SkipButton.swift */ = {isa = PBXFileReference; lastKnownFileType = sourcecode.swift; path = SkipButton.swift; sourceTree = "<group>"; };
		BF7E860F265BE3080078B5C6 /* RecommendationViewController.swift */ = {isa = PBXFileReference; lastKnownFileType = sourcecode.swift; path = RecommendationViewController.swift; sourceTree = "<group>"; };
		BF7E8612265BE5CA0078B5C6 /* TabBarViewController.swift */ = {isa = PBXFileReference; lastKnownFileType = sourcecode.swift; path = TabBarViewController.swift; sourceTree = "<group>"; };
		BF7E8618265C15580078B5C6 /* TabBarPresenter.swift */ = {isa = PBXFileReference; lastKnownFileType = sourcecode.swift; path = TabBarPresenter.swift; sourceTree = "<group>"; };
		BF7E861B265C1CC00078B5C6 /* RecommendationTableViewCell.swift */ = {isa = PBXFileReference; lastKnownFileType = sourcecode.swift; path = RecommendationTableViewCell.swift; sourceTree = "<group>"; };
		BF7E861C265C1CC00078B5C6 /* RecommendationTableViewCell.xib */ = {isa = PBXFileReference; lastKnownFileType = file.xib; path = RecommendationTableViewCell.xib; sourceTree = "<group>"; };
		BF7E8620265C3C810078B5C6 /* Recommendation.swift */ = {isa = PBXFileReference; lastKnownFileType = sourcecode.swift; path = Recommendation.swift; sourceTree = "<group>"; };
		BF7E8623265C3CFC0078B5C6 /* RecommendationLibrary.swift */ = {isa = PBXFileReference; lastKnownFileType = sourcecode.swift; path = RecommendationLibrary.swift; sourceTree = "<group>"; };
		BF7E8631265C8EB70078B5C6 /* ProductDetailsViewController.swift */ = {isa = PBXFileReference; lastKnownFileType = sourcecode.swift; path = ProductDetailsViewController.swift; sourceTree = "<group>"; };
		BF8995CA265D80EB00A0FA34 /* Categories.swift */ = {isa = PBXFileReference; lastKnownFileType = sourcecode.swift; path = Categories.swift; sourceTree = "<group>"; };
		BF8995D4265D851A00A0FA34 /* Networking.swift */ = {isa = PBXFileReference; lastKnownFileType = sourcecode.swift; path = Networking.swift; sourceTree = "<group>"; };
		BF8995D7265D855400A0FA34 /* Paths.swift */ = {isa = PBXFileReference; lastKnownFileType = sourcecode.swift; path = Paths.swift; sourceTree = "<group>"; };
		BF8995DA265D856900A0FA34 /* Endpoint.swift */ = {isa = PBXFileReference; lastKnownFileType = sourcecode.swift; path = Endpoint.swift; sourceTree = "<group>"; };
		BF8995DD265D892800A0FA34 /* UserPreferences.swift */ = {isa = PBXFileReference; lastKnownFileType = sourcecode.swift; path = UserPreferences.swift; sourceTree = "<group>"; };
		BF8995E0265D8AD600A0FA34 /* UserID.swift */ = {isa = PBXFileReference; lastKnownFileType = sourcecode.swift; path = UserID.swift; sourceTree = "<group>"; };
		BF8995E3265D8C8C00A0FA34 /* QuizzAnswers.swift */ = {isa = PBXFileReference; lastKnownFileType = sourcecode.swift; path = QuizzAnswers.swift; sourceTree = "<group>"; };
		BF8995E6265D944B00A0FA34 /* ResultsViewController.swift */ = {isa = PBXFileReference; lastKnownFileType = sourcecode.swift; path = ResultsViewController.swift; sourceTree = "<group>"; };
		BF8995E9265D945D00A0FA34 /* ResultsPresenter.swift */ = {isa = PBXFileReference; lastKnownFileType = sourcecode.swift; path = ResultsPresenter.swift; sourceTree = "<group>"; };
		BF8995EC265DA82900A0FA34 /* Tip.swift */ = {isa = PBXFileReference; lastKnownFileType = sourcecode.swift; path = Tip.swift; sourceTree = "<group>"; };
		BF8995EF265DA94200A0FA34 /* Tips.swift */ = {isa = PBXFileReference; lastKnownFileType = sourcecode.swift; path = Tips.swift; sourceTree = "<group>"; };
		BF8995F2265DA98D00A0FA34 /* TipsMetadata.swift */ = {isa = PBXFileReference; lastKnownFileType = sourcecode.swift; path = TipsMetadata.swift; sourceTree = "<group>"; };
		BF8995F5265DAD9600A0FA34 /* ProductCategories.swift */ = {isa = PBXFileReference; lastKnownFileType = sourcecode.swift; path = ProductCategories.swift; sourceTree = "<group>"; };
		BFBE8840265C9A9F002EAB03 /* RecommendationPresenter.swift */ = {isa = PBXFileReference; lastKnownFileType = sourcecode.swift; path = RecommendationPresenter.swift; sourceTree = "<group>"; };
		BFBE8843265D2B93002EAB03 /* ButtonViewShadow.swift */ = {isa = PBXFileReference; lastKnownFileType = sourcecode.swift; path = ButtonViewShadow.swift; sourceTree = "<group>"; };
		BFBE8848265D5601002EAB03 /* CategoriesScrollView.swift */ = {isa = PBXFileReference; lastKnownFileType = sourcecode.swift; path = CategoriesScrollView.swift; sourceTree = "<group>"; };
/* End PBXFileReference section */

/* Begin PBXFrameworksBuildPhase section */
		BF5541F5264C10D400F978A8 /* Frameworks */ = {
			isa = PBXFrameworksBuildPhase;
			buildActionMask = 2147483647;
			files = (
			);
			runOnlyForDeploymentPostprocessing = 0;
		};
/* End PBXFrameworksBuildPhase section */

/* Begin PBXGroup section */
		BF3FB7B52654A66000A790E1 /* Presenters */ = {
			isa = PBXGroup;
			children = (
				BF3FB7C72655E90B00A790E1 /* QuizzPresenter.swift */,
				BF7E8609265BC50F0078B5C6 /* OnboardingPresenter.swift */,
				BF7E8618265C15580078B5C6 /* TabBarPresenter.swift */,
				BFBE8840265C9A9F002EAB03 /* RecommendationPresenter.swift */,
				BF8995E9265D945D00A0FA34 /* ResultsPresenter.swift */,
			);
			path = Presenters;
			sourceTree = "<group>";
		};
		BF3FB7B62654A66E00A790E1 /* Views */ = {
			isa = PBXGroup;
			children = (
				BF3FB7BE2655B0EA00A790E1 /* Xibs */,
				BF3FB7BB2654A6D400A790E1 /* Storyboards */,
				BF3FB7BA2654A6C100A790E1 /* Controllers */,
			);
			path = Views;
			sourceTree = "<group>";
		};
		BF3FB7B72654A67600A790E1 /* Supporting Files */ = {
			isa = PBXGroup;
			children = (
				BF554206264C10D800F978A8 /* LaunchScreen.storyboard */,
				BF554204264C10D800F978A8 /* Assets.xcassets */,
				BF554209264C10D800F978A8 /* Info.plist */,
			);
			path = "Supporting Files";
			sourceTree = "<group>";
		};
		BF3FB7B82654A67F00A790E1 /* Models */ = {
			isa = PBXGroup;
			children = (
				BF3FB7D02655EB0500A790E1 /* Quizz.swift */,
				BF7E8620265C3C810078B5C6 /* Recommendation.swift */,
				BF8995CA265D80EB00A0FA34 /* Categories.swift */,
				BF8995D4265D851A00A0FA34 /* Networking.swift */,
				BF8995D7265D855400A0FA34 /* Paths.swift */,
				BF8995DA265D856900A0FA34 /* Endpoint.swift */,
				BF8995DD265D892800A0FA34 /* UserPreferences.swift */,
				BF8995E0265D8AD600A0FA34 /* UserID.swift */,
				BF8995E3265D8C8C00A0FA34 /* QuizzAnswers.swift */,
				BF8995EC265DA82900A0FA34 /* Tip.swift */,
				BF8995EF265DA94200A0FA34 /* Tips.swift */,
				BF8995F2265DA98D00A0FA34 /* TipsMetadata.swift */,
				BF8995F5265DAD9600A0FA34 /* ProductCategories.swift */,
			);
			path = Models;
			sourceTree = "<group>";
		};
		BF3FB7B92654A69B00A790E1 /* App Delegates */ = {
			isa = PBXGroup;
			children = (
				BF5541FB264C10D400F978A8 /* AppDelegate.swift */,
				BF5541FD264C10D400F978A8 /* SceneDelegate.swift */,
			);
			path = "App Delegates";
			sourceTree = "<group>";
		};
		BF3FB7BA2654A6C100A790E1 /* Controllers */ = {
			isa = PBXGroup;
			children = (
				BF5541FF264C10D400F978A8 /* QuizzViewController.swift */,
				BF3FB7F526596D2700A790E1 /* OnboardingViewController.swift */,
				BF7E860F265BE3080078B5C6 /* RecommendationViewController.swift */,
				BF7E8612265BE5CA0078B5C6 /* TabBarViewController.swift */,
				BF7E8631265C8EB70078B5C6 /* ProductDetailsViewController.swift */,
				BF8995E6265D944B00A0FA34 /* ResultsViewController.swift */,
			);
			path = Controllers;
			sourceTree = "<group>";
		};
		BF3FB7BB2654A6D400A790E1 /* Storyboards */ = {
			isa = PBXGroup;
			children = (
				BF554201264C10D400F978A8 /* Main.storyboard */,
			);
			path = Storyboards;
			sourceTree = "<group>";
		};
		BF3FB7BE2655B0EA00A790E1 /* Xibs */ = {
			isa = PBXGroup;
			children = (
				BF3FB7BF2655B11900A790E1 /* QuizzItemCollectionViewCell.swift */,
				BF3FB7C02655B11900A790E1 /* QuizzItemCollectionViewCell.xib */,
				BF3FB7D52656961C00A790E1 /* QuizzQuestionHeaderCollectionReusableView.swift */,
				BF3FB7D62656961C00A790E1 /* QuizzQuestionHeaderCollectionReusableView.xib */,
				BF3FB7F22659663C00A790E1 /* OnboardingWelcomeView.swift */,
				BF7E860C265BC9920078B5C6 /* SkipButton.swift */,
				BF7E861B265C1CC00078B5C6 /* RecommendationTableViewCell.swift */,
				BF7E861C265C1CC00078B5C6 /* RecommendationTableViewCell.xib */,
				BFBE8848265D5601002EAB03 /* CategoriesScrollView.swift */,
			);
			path = Xibs;
			sourceTree = "<group>";
		};
		BF3FB7CB2655EACB00A790E1 /* Services */ = {
			isa = PBXGroup;
			children = (
				BF3FB7CC2655EAF100A790E1 /* QuizzLibrary.swift */,
				BF7E8623265C3CFC0078B5C6 /* RecommendationLibrary.swift */,
				BFBE8843265D2B93002EAB03 /* ButtonViewShadow.swift */,
			);
			path = Services;
			sourceTree = "<group>";
		};
		BF3FB7EB2659589200A790E1 /* Fonts */ = {
			isa = PBXGroup;
			children = (
				BF3FB7F8265983B200A790E1 /* FugazOne-Regular.ttf */,
			);
			path = Fonts;
			sourceTree = "<group>";
		};
		BF5541EF264C10D400F978A8 = {
			isa = PBXGroup;
			children = (
				BF7E85FF265B11E60078B5C6 /* Coordinator */,
				BF3FB7EB2659589200A790E1 /* Fonts */,
				BF3FB7B92654A69B00A790E1 /* App Delegates */,
				BF5541FA264C10D400F978A8 /* camp-diversidade */,
				BF5541F9264C10D400F978A8 /* Products */,
			);
			sourceTree = "<group>";
		};
		BF5541F9264C10D400F978A8 /* Products */ = {
			isa = PBXGroup;
			children = (
				BF5541F8264C10D400F978A8 /* camp-diversidade.app */,
			);
			name = Products;
			sourceTree = "<group>";
		};
		BF5541FA264C10D400F978A8 /* camp-diversidade */ = {
			isa = PBXGroup;
			children = (
				BF3FB7CB2655EACB00A790E1 /* Services */,
				BF3FB7B82654A67F00A790E1 /* Models */,
				BF3FB7B72654A67600A790E1 /* Supporting Files */,
				BF3FB7B62654A66E00A790E1 /* Views */,
				BF3FB7B52654A66000A790E1 /* Presenters */,
			);
			path = "camp-diversidade";
			sourceTree = "<group>";
		};
		BF7E85FF265B11E60078B5C6 /* Coordinator */ = {
			isa = PBXGroup;
			children = (
				BF7E8600265B11F50078B5C6 /* AppCoordinator.swift */,
				BF7E8603265B11FE0078B5C6 /* Coordinator.swift */,
			);
			path = Coordinator;
			sourceTree = "<group>";
		};
/* End PBXGroup section */

/* Begin PBXNativeTarget section */
		BF5541F7264C10D400F978A8 /* camp-diversidade */ = {
			isa = PBXNativeTarget;
			buildConfigurationList = BF55420C264C10D800F978A8 /* Build configuration list for PBXNativeTarget "camp-diversidade" */;
			buildPhases = (
				BF5541F4264C10D400F978A8 /* Sources */,
				BF5541F5264C10D400F978A8 /* Frameworks */,
				BF5541F6264C10D400F978A8 /* Resources */,
			);
			buildRules = (
			);
			dependencies = (
			);
			name = "camp-diversidade";
			productName = "camp-diversidade";
			productReference = BF5541F8264C10D400F978A8 /* camp-diversidade.app */;
			productType = "com.apple.product-type.application";
		};
/* End PBXNativeTarget section */

/* Begin PBXProject section */
		BF5541F0264C10D400F978A8 /* Project object */ = {
			isa = PBXProject;
			attributes = {
				LastSwiftUpdateCheck = 1240;
				LastUpgradeCheck = 1240;
				TargetAttributes = {
					BF5541F7264C10D400F978A8 = {
						CreatedOnToolsVersion = 12.4;
					};
				};
			};
			buildConfigurationList = BF5541F3264C10D400F978A8 /* Build configuration list for PBXProject "camp-diversidade" */;
			compatibilityVersion = "Xcode 9.3";
			developmentRegion = en;
			hasScannedForEncodings = 0;
			knownRegions = (
				en,
				Base,
			);
			mainGroup = BF5541EF264C10D400F978A8;
			productRefGroup = BF5541F9264C10D400F978A8 /* Products */;
			projectDirPath = "";
			projectRoot = "";
			targets = (
				BF5541F7264C10D400F978A8 /* camp-diversidade */,
			);
		};
/* End PBXProject section */

/* Begin PBXResourcesBuildPhase section */
		BF5541F6264C10D400F978A8 /* Resources */ = {
			isa = PBXResourcesBuildPhase;
			buildActionMask = 2147483647;
			files = (
				BF554208264C10D800F978A8 /* LaunchScreen.storyboard in Resources */,
				BF3FB7C22655B11900A790E1 /* QuizzItemCollectionViewCell.xib in Resources */,
				BF3FB7D82656961C00A790E1 /* QuizzQuestionHeaderCollectionReusableView.xib in Resources */,
				BF7E861E265C1CC00078B5C6 /* RecommendationTableViewCell.xib in Resources */,
				BF8995C7265D7C0500A0FA34 /* Assets.xcassets in Resources */,
				BF3FB7FB265983CE00A790E1 /* FugazOne-Regular.ttf in Resources */,
				BF554203264C10D400F978A8 /* Main.storyboard in Resources */,
			);
			runOnlyForDeploymentPostprocessing = 0;
		};
/* End PBXResourcesBuildPhase section */

/* Begin PBXSourcesBuildPhase section */
		BF5541F4264C10D400F978A8 /* Sources */ = {
			isa = PBXSourcesBuildPhase;
			buildActionMask = 2147483647;
			files = (
				BF8995F6265DAD9600A0FA34 /* ProductCategories.swift in Sources */,
				BF7E8621265C3C810078B5C6 /* Recommendation.swift in Sources */,
				BF7E8613265BE5CA0078B5C6 /* TabBarViewController.swift in Sources */,
				BF7E8601265B11F50078B5C6 /* AppCoordinator.swift in Sources */,
				BF8995D5265D851A00A0FA34 /* Networking.swift in Sources */,
				BF554200264C10D400F978A8 /* QuizzViewController.swift in Sources */,
				BFBE8841265C9A9F002EAB03 /* RecommendationPresenter.swift in Sources */,
				BF8995F3265DA98D00A0FA34 /* TipsMetadata.swift in Sources */,
				BFBE8849265D5601002EAB03 /* CategoriesScrollView.swift in Sources */,
				BF8995E7265D944B00A0FA34 /* ResultsViewController.swift in Sources */,
				BF3FB7D12655EB0500A790E1 /* Quizz.swift in Sources */,
				BF5541FC264C10D400F978A8 /* AppDelegate.swift in Sources */,
				BF5541FE264C10D400F978A8 /* SceneDelegate.swift in Sources */,
				BF8995F0265DA94200A0FA34 /* Tips.swift in Sources */,
				BF3FB7F32659663C00A790E1 /* OnboardingWelcomeView.swift in Sources */,
				BF7E8624265C3CFC0078B5C6 /* RecommendationLibrary.swift in Sources */,
				BF7E860D265BC9920078B5C6 /* SkipButton.swift in Sources */,
				BFBE8844265D2B93002EAB03 /* ButtonViewShadow.swift in Sources */,
				BF8995DB265D856900A0FA34 /* Endpoint.swift in Sources */,
				BF7E8619265C15580078B5C6 /* TabBarPresenter.swift in Sources */,
				BF3FB7C82655E90B00A790E1 /* QuizzPresenter.swift in Sources */,
				BF8995EA265D945D00A0FA34 /* ResultsPresenter.swift in Sources */,
				BF7E860A265BC50F0078B5C6 /* OnboardingPresenter.swift in Sources */,
				BF8995E4265D8C8C00A0FA34 /* QuizzAnswers.swift in Sources */,
				BF3FB7C12655B11900A790E1 /* QuizzItemCollectionViewCell.swift in Sources */,
				BF8995E1265D8AD600A0FA34 /* UserID.swift in Sources */,
				BF8995CB265D80EB00A0FA34 /* Categories.swift in Sources */,
				BF7E8604265B11FE0078B5C6 /* Coordinator.swift in Sources */,
				BF8995DE265D892800A0FA34 /* UserPreferences.swift in Sources */,
				BF3FB7F626596D2700A790E1 /* OnboardingViewController.swift in Sources */,
				BF8995D8265D855400A0FA34 /* Paths.swift in Sources */,
				BF7E8610265BE3080078B5C6 /* RecommendationViewController.swift in Sources */,
				BF8995ED265DA82900A0FA34 /* Tip.swift in Sources */,
				BF3FB7CD2655EAF100A790E1 /* QuizzLibrary.swift in Sources */,
				BF3FB7D72656961C00A790E1 /* QuizzQuestionHeaderCollectionReusableView.swift in Sources */,
				BF7E861D265C1CC00078B5C6 /* RecommendationTableViewCell.swift in Sources */,
				BF7E8632265C8EB70078B5C6 /* ProductDetailsViewController.swift in Sources */,
			);
			runOnlyForDeploymentPostprocessing = 0;
		};
/* End PBXSourcesBuildPhase section */

/* Begin PBXVariantGroup section */
		BF554201264C10D400F978A8 /* Main.storyboard */ = {
			isa = PBXVariantGroup;
			children = (
				BF554202264C10D400F978A8 /* Base */,
			);
			name = Main.storyboard;
			sourceTree = "<group>";
		};
		BF554206264C10D800F978A8 /* LaunchScreen.storyboard */ = {
			isa = PBXVariantGroup;
			children = (
				BF554207264C10D800F978A8 /* Base */,
			);
			name = LaunchScreen.storyboard;
			sourceTree = "<group>";
		};
/* End PBXVariantGroup section */

/* Begin XCBuildConfiguration section */
		BF55420A264C10D800F978A8 /* Debug */ = {
			isa = XCBuildConfiguration;
			buildSettings = {
				ALWAYS_SEARCH_USER_PATHS = NO;
				CLANG_ANALYZER_NONNULL = YES;
				CLANG_ANALYZER_NUMBER_OBJECT_CONVERSION = YES_AGGRESSIVE;
				CLANG_CXX_LANGUAGE_STANDARD = "gnu++14";
				CLANG_CXX_LIBRARY = "libc++";
				CLANG_ENABLE_MODULES = YES;
				CLANG_ENABLE_OBJC_ARC = YES;
				CLANG_ENABLE_OBJC_WEAK = YES;
				CLANG_WARN_BLOCK_CAPTURE_AUTORELEASING = YES;
				CLANG_WARN_BOOL_CONVERSION = YES;
				CLANG_WARN_COMMA = YES;
				CLANG_WARN_CONSTANT_CONVERSION = YES;
				CLANG_WARN_DEPRECATED_OBJC_IMPLEMENTATIONS = YES;
				CLANG_WARN_DIRECT_OBJC_ISA_USAGE = YES_ERROR;
				CLANG_WARN_DOCUMENTATION_COMMENTS = YES;
				CLANG_WARN_EMPTY_BODY = YES;
				CLANG_WARN_ENUM_CONVERSION = YES;
				CLANG_WARN_INFINITE_RECURSION = YES;
				CLANG_WARN_INT_CONVERSION = YES;
				CLANG_WARN_NON_LITERAL_NULL_CONVERSION = YES;
				CLANG_WARN_OBJC_IMPLICIT_RETAIN_SELF = YES;
				CLANG_WARN_OBJC_LITERAL_CONVERSION = YES;
				CLANG_WARN_OBJC_ROOT_CLASS = YES_ERROR;
				CLANG_WARN_QUOTED_INCLUDE_IN_FRAMEWORK_HEADER = YES;
				CLANG_WARN_RANGE_LOOP_ANALYSIS = YES;
				CLANG_WARN_STRICT_PROTOTYPES = YES;
				CLANG_WARN_SUSPICIOUS_MOVE = YES;
				CLANG_WARN_UNGUARDED_AVAILABILITY = YES_AGGRESSIVE;
				CLANG_WARN_UNREACHABLE_CODE = YES;
				CLANG_WARN__DUPLICATE_METHOD_MATCH = YES;
				COPY_PHASE_STRIP = NO;
				DEBUG_INFORMATION_FORMAT = dwarf;
				ENABLE_STRICT_OBJC_MSGSEND = YES;
				ENABLE_TESTABILITY = YES;
				GCC_C_LANGUAGE_STANDARD = gnu11;
				GCC_DYNAMIC_NO_PIC = NO;
				GCC_NO_COMMON_BLOCKS = YES;
				GCC_OPTIMIZATION_LEVEL = 0;
				GCC_PREPROCESSOR_DEFINITIONS = (
					"DEBUG=1",
					"$(inherited)",
				);
				GCC_WARN_64_TO_32_BIT_CONVERSION = YES;
				GCC_WARN_ABOUT_RETURN_TYPE = YES_ERROR;
				GCC_WARN_UNDECLARED_SELECTOR = YES;
				GCC_WARN_UNINITIALIZED_AUTOS = YES_AGGRESSIVE;
				GCC_WARN_UNUSED_FUNCTION = YES;
				GCC_WARN_UNUSED_VARIABLE = YES;
				IPHONEOS_DEPLOYMENT_TARGET = 14.4;
				MTL_ENABLE_DEBUG_INFO = INCLUDE_SOURCE;
				MTL_FAST_MATH = YES;
				ONLY_ACTIVE_ARCH = YES;
				SDKROOT = iphoneos;
				SWIFT_ACTIVE_COMPILATION_CONDITIONS = DEBUG;
				SWIFT_OPTIMIZATION_LEVEL = "-Onone";
			};
			name = Debug;
		};
		BF55420B264C10D800F978A8 /* Release */ = {
			isa = XCBuildConfiguration;
			buildSettings = {
				ALWAYS_SEARCH_USER_PATHS = NO;
				CLANG_ANALYZER_NONNULL = YES;
				CLANG_ANALYZER_NUMBER_OBJECT_CONVERSION = YES_AGGRESSIVE;
				CLANG_CXX_LANGUAGE_STANDARD = "gnu++14";
				CLANG_CXX_LIBRARY = "libc++";
				CLANG_ENABLE_MODULES = YES;
				CLANG_ENABLE_OBJC_ARC = YES;
				CLANG_ENABLE_OBJC_WEAK = YES;
				CLANG_WARN_BLOCK_CAPTURE_AUTORELEASING = YES;
				CLANG_WARN_BOOL_CONVERSION = YES;
				CLANG_WARN_COMMA = YES;
				CLANG_WARN_CONSTANT_CONVERSION = YES;
				CLANG_WARN_DEPRECATED_OBJC_IMPLEMENTATIONS = YES;
				CLANG_WARN_DIRECT_OBJC_ISA_USAGE = YES_ERROR;
				CLANG_WARN_DOCUMENTATION_COMMENTS = YES;
				CLANG_WARN_EMPTY_BODY = YES;
				CLANG_WARN_ENUM_CONVERSION = YES;
				CLANG_WARN_INFINITE_RECURSION = YES;
				CLANG_WARN_INT_CONVERSION = YES;
				CLANG_WARN_NON_LITERAL_NULL_CONVERSION = YES;
				CLANG_WARN_OBJC_IMPLICIT_RETAIN_SELF = YES;
				CLANG_WARN_OBJC_LITERAL_CONVERSION = YES;
				CLANG_WARN_OBJC_ROOT_CLASS = YES_ERROR;
				CLANG_WARN_QUOTED_INCLUDE_IN_FRAMEWORK_HEADER = YES;
				CLANG_WARN_RANGE_LOOP_ANALYSIS = YES;
				CLANG_WARN_STRICT_PROTOTYPES = YES;
				CLANG_WARN_SUSPICIOUS_MOVE = YES;
				CLANG_WARN_UNGUARDED_AVAILABILITY = YES_AGGRESSIVE;
				CLANG_WARN_UNREACHABLE_CODE = YES;
				CLANG_WARN__DUPLICATE_METHOD_MATCH = YES;
				COPY_PHASE_STRIP = NO;
				DEBUG_INFORMATION_FORMAT = "dwarf-with-dsym";
				ENABLE_NS_ASSERTIONS = NO;
				ENABLE_STRICT_OBJC_MSGSEND = YES;
				GCC_C_LANGUAGE_STANDARD = gnu11;
				GCC_NO_COMMON_BLOCKS = YES;
				GCC_WARN_64_TO_32_BIT_CONVERSION = YES;
				GCC_WARN_ABOUT_RETURN_TYPE = YES_ERROR;
				GCC_WARN_UNDECLARED_SELECTOR = YES;
				GCC_WARN_UNINITIALIZED_AUTOS = YES_AGGRESSIVE;
				GCC_WARN_UNUSED_FUNCTION = YES;
				GCC_WARN_UNUSED_VARIABLE = YES;
				IPHONEOS_DEPLOYMENT_TARGET = 14.4;
				MTL_ENABLE_DEBUG_INFO = NO;
				MTL_FAST_MATH = YES;
				SDKROOT = iphoneos;
				SWIFT_COMPILATION_MODE = wholemodule;
				SWIFT_OPTIMIZATION_LEVEL = "-O";
				VALIDATE_PRODUCT = YES;
			};
			name = Release;
		};
		BF55420D264C10D800F978A8 /* Debug */ = {
			isa = XCBuildConfiguration;
			buildSettings = {
				ASSETCATALOG_COMPILER_APPICON_NAME = AppIcon;
				ASSETCATALOG_COMPILER_GLOBAL_ACCENT_COLOR_NAME = AccentColor;
				CODE_SIGN_STYLE = Automatic;
				DEVELOPMENT_TEAM = 3CV7BCTMKP;
				INFOPLIST_FILE = "camp-diversidade/Supporting Files/Info.plist";
				LD_RUNPATH_SEARCH_PATHS = (
					"$(inherited)",
					"@executable_path/Frameworks",
				);
				PRODUCT_BUNDLE_IDENTIFIER = "henriquebarbosa.camp-diversidade";
				PRODUCT_NAME = "$(TARGET_NAME)";
				SWIFT_VERSION = 5.0;
				TARGETED_DEVICE_FAMILY = "1,2";
			};
			name = Debug;
		};
		BF55420E264C10D800F978A8 /* Release */ = {
			isa = XCBuildConfiguration;
			buildSettings = {
				ASSETCATALOG_COMPILER_APPICON_NAME = AppIcon;
				ASSETCATALOG_COMPILER_GLOBAL_ACCENT_COLOR_NAME = AccentColor;
				CODE_SIGN_STYLE = Automatic;
				DEVELOPMENT_TEAM = 3CV7BCTMKP;
				INFOPLIST_FILE = "camp-diversidade/Supporting Files/Info.plist";
				LD_RUNPATH_SEARCH_PATHS = (
					"$(inherited)",
					"@executable_path/Frameworks",
				);
				PRODUCT_BUNDLE_IDENTIFIER = "henriquebarbosa.camp-diversidade";
				PRODUCT_NAME = "$(TARGET_NAME)";
				SWIFT_VERSION = 5.0;
				TARGETED_DEVICE_FAMILY = "1,2";
			};
			name = Release;
		};
/* End XCBuildConfiguration section */

/* Begin XCConfigurationList section */
		BF5541F3264C10D400F978A8 /* Build configuration list for PBXProject "camp-diversidade" */ = {
			isa = XCConfigurationList;
			buildConfigurations = (
				BF55420A264C10D800F978A8 /* Debug */,
				BF55420B264C10D800F978A8 /* Release */,
			);
			defaultConfigurationIsVisible = 0;
			defaultConfigurationName = Release;
		};
		BF55420C264C10D800F978A8 /* Build configuration list for PBXNativeTarget "camp-diversidade" */ = {
			isa = XCConfigurationList;
			buildConfigurations = (
				BF55420D264C10D800F978A8 /* Debug */,
				BF55420E264C10D800F978A8 /* Release */,
			);
			defaultConfigurationIsVisible = 0;
			defaultConfigurationName = Release;
		};
/* End XCConfigurationList section */
	};
	rootObject = BF5541F0264C10D400F978A8 /* Project object */;
}
